
Microsoft Visual Studio Solution File, Format Version 12.00
# Visual Studio Version 16
VisualStudioVersion = 16.0.30114.105
MinimumVisualStudioVersion = 10.0.40219.1
Project("{9A19103F-16F7-4668-BE54-9A1E7A4F7556}") = "LojaVirtual", "Cap2\2.2.001\LojaVirtual\LojaVirtual.csproj", "{A5585EAB-EEDE-4522-9020-D5D4188C5116}"
EndProject
Project("{9A19103F-16F7-4668-BE54-9A1E7A4F7556}") = "LojaVirtual", "Cap2\2.3.002\LojaVirtual\LojaVirtual.csproj", "{A7E657A5-7E8E-467E-AD80-83385B616A5B}"
EndProject
Project("{9A19103F-16F7-4668-BE54-9A1E7A4F7556}") = "LojaVirtual", "Cap2\2.3.003\LojaVirtual\LojaVirtual.csproj", "{AA2800F1-E3D2-4304-977C-EE675D09CF5F}"
EndProject
Project("{9A19103F-16F7-4668-BE54-9A1E7A4F7556}") = "LojaVirtual.Tests", "Cap2\2.3.003\LojaVirtual.Tests\LojaVirtual.Tests.csproj", "{BF987199-5116-4743-9518-A2BAE9B8D3E3}"
EndProject
Project("{9A19103F-16F7-4668-BE54-9A1E7A4F7556}") = "LojaVirtual", "Cap2\2.3.004\LojaVirtual\LojaVirtual.csproj", "{50291567-F4A8-47FB-A97A-E6FA0DB5CDDD}"
EndProject
Project("{9A19103F-16F7-4668-BE54-9A1E7A4F7556}") = "LojaVirtual.Tests", "Cap2\2.3.004\LojaVirtual.Tests\LojaVirtual.Tests.csproj", "{08F14ACE-ABEA-47C8-B015-14ACD1581226}"
EndProject
Project("{9A19103F-16F7-4668-BE54-9A1E7A4F7556}") = "LojaVirtual", "Cap2\2.4.005\LojaVirtual\LojaVirtual.csproj", "{A89671CA-170C-4187-B552-EF8A2F27BBF4}"
EndProject
Project("{9A19103F-16F7-4668-BE54-9A1E7A4F7556}") = "LojaVirtual.Tests", "Cap2\2.4.005\LojaVirtual.Tests\LojaVirtual.Tests.csproj", "{3AC60A19-A685-482D-8929-830DC1F894C6}"
EndProject
Project("{9A19103F-16F7-4668-BE54-9A1E7A4F7556}") = "LojaVirtual", "Cap2\2.4.006\LojaVirtual\LojaVirtual.csproj", "{6024259F-BE3F-4DD4-837B-75035F1C3E0B}"
EndProject
Project("{9A19103F-16F7-4668-BE54-9A1E7A4F7556}") = "LojaVirtual.Tests", "Cap2\2.4.006\LojaVirtual.Tests\LojaVirtual.Tests.csproj", "{D7AB200A-8375-4C81-97AF-2732903853CB}"
EndProject
Project("{2150E333-8FDC-42A3-9474-1A3956D46DE8}") = "Cap2", "Cap2", "{5CFD459B-6597-4995-875F-7A69D6A080C8}"
EndProject
Project("{2150E333-8FDC-42A3-9474-1A3956D46DE8}") = "2.4.006", "2.4.006", "{E5C293CB-54E1-4021-8D0F-D49E74CC2C63}"
EndProject
Project("{2150E333-8FDC-42A3-9474-1A3956D46DE8}") = "2.2.001", "2.2.001", "{4612DD8C-94B5-4071-9EA8-E5CF32CA3F2E}"
EndProject
Project("{2150E333-8FDC-42A3-9474-1A3956D46DE8}") = "2.3.002", "2.3.002", "{64982AE3-2E20-41CB-A4C3-860319DE7AF2}"
EndProject
Project("{2150E333-8FDC-42A3-9474-1A3956D46DE8}") = "2.3.003", "2.3.003", "{8BC1D906-C24A-44AB-A459-1AC87F1958FF}"
EndProject
Project("{2150E333-8FDC-42A3-9474-1A3956D46DE8}") = "2.3.004", "2.3.004", "{6F9DC3B6-8B14-4B08-B2CA-E9F2D4683834}"
EndProject
Project("{2150E333-8FDC-42A3-9474-1A3956D46DE8}") = "2.4.005", "2.4.005", "{0825E145-1B10-4B70-A440-A84232C3FA6A}"
EndProject
Project("{2150E333-8FDC-42A3-9474-1A3956D46DE8}") = "Cap3", "Cap3", "{F3564435-BF01-420A-9AB9-8717A75DDC4A}"
EndProject
Project("{2150E333-8FDC-42A3-9474-1A3956D46DE8}") = "3.2.007", "3.2.007", "{1183BA75-8B81-4D87-973C-1C99C171D11E}"
EndProject
Project("{9A19103F-16F7-4668-BE54-9A1E7A4F7556}") = "NumerosRomanos", "Cap3\3.2.007\NumerosRomanos\NumerosRomanos.csproj", "{F8623A4D-A4B9-4E1F-9C6A-2FEA9E9B0F6E}"
EndProject
Project("{9A19103F-16F7-4668-BE54-9A1E7A4F7556}") = "NumerosRomanos.Tests", "Cap3\3.2.007\NumerosRomanos.Tests\NumerosRomanos.Tests.csproj", "{031EFE07-1D6C-4795-8648-0201C2FFF389}"
EndProject
Project("{2150E333-8FDC-42A3-9474-1A3956D46DE8}") = "3.2.008", "3.2.008", "{A1E4FF30-7C5E-4118-B15D-76D1D1C62C24}"
EndProject
Project("{9A19103F-16F7-4668-BE54-9A1E7A4F7556}") = "NumerosRomanos", "Cap3\3.2.008\NumerosRomanos\NumerosRomanos.csproj", "{4C2C580F-038E-44B6-B7A2-C6FD462CBCB9}"
EndProject
Project("{9A19103F-16F7-4668-BE54-9A1E7A4F7556}") = "NumerosRomanos.Tests", "Cap3\3.2.008\NumerosRomanos.Tests\NumerosRomanos.Tests.csproj", "{13F40126-8894-4EB6-AF25-6289CA195E7C}"
EndProject
Project("{2150E333-8FDC-42A3-9474-1A3956D46DE8}") = "3.2.009", "3.2.009", "{4B5C453E-77EE-4424-8701-6253689F0F10}"
EndProject
Project("{9A19103F-16F7-4668-BE54-9A1E7A4F7556}") = "NumerosRomanos", "Cap3\3.2.009\NumerosRomanos\NumerosRomanos.csproj", "{5EC033D8-FC53-4D48-B91F-E2D418EA9479}"
EndProject
Project("{9A19103F-16F7-4668-BE54-9A1E7A4F7556}") = "NumerosRomanos.Tests", "Cap3\3.2.009\NumerosRomanos.Tests\NumerosRomanos.Tests.csproj", "{EDAADC9A-51BC-4BB2-9A2B-AC56E25FAF60}"
EndProject
Project("{2150E333-8FDC-42A3-9474-1A3956D46DE8}") = "3.2.010", "3.2.010", "{4AC02B76-6F6C-4C77-AE23-BF335143E794}"
EndProject
Project("{9A19103F-16F7-4668-BE54-9A1E7A4F7556}") = "NumerosRomanos", "Cap3\3.2.010\NumerosRomanos\NumerosRomanos.csproj", "{92552226-DA86-462D-A7D9-550850CFFDE2}"
EndProject
Project("{9A19103F-16F7-4668-BE54-9A1E7A4F7556}") = "NumerosRomanos.Tests", "Cap3\3.2.010\NumerosRomanos.Tests\NumerosRomanos.Tests.csproj", "{D6EEE48E-7B2D-4497-B2B5-454820EE0A7C}"
EndProject
Project("{2150E333-8FDC-42A3-9474-1A3956D46DE8}") = "3.2.011", "3.2.011", "{786A1390-4771-4FB1-854A-561ABCF22FC9}"
EndProject
Project("{9A19103F-16F7-4668-BE54-9A1E7A4F7556}") = "NumerosRomanos", "Cap3\3.2.011\NumerosRomanos\NumerosRomanos.csproj", "{B8379B45-13E5-42AE-84AC-01BF1EE2ADA1}"
EndProject
Project("{9A19103F-16F7-4668-BE54-9A1E7A4F7556}") = "NumerosRomanos.Tests", "Cap3\3.2.011\NumerosRomanos.Tests\NumerosRomanos.Tests.csproj", "{C8F730BD-D0D3-4B19-9952-A04EE8EFAB04}"
EndProject
Project("{2150E333-8FDC-42A3-9474-1A3956D46DE8}") = "3.2.012", "3.2.012", "{F01DF1BE-517C-4CEA-9984-DB9CECC5E503}"
EndProject
Project("{9A19103F-16F7-4668-BE54-9A1E7A4F7556}") = "NumerosRomanos", "Cap3\3.2.012\NumerosRomanos\NumerosRomanos.csproj", "{19532865-FBB9-40F9-BBB7-50A8BCF87705}"
EndProject
Project("{9A19103F-16F7-4668-BE54-9A1E7A4F7556}") = "NumerosRomanos.Tests", "Cap3\3.2.012\NumerosRomanos.Tests\NumerosRomanos.Tests.csproj", "{18D68ACF-0265-4D96-B9EB-1386E249A4B5}"
EndProject
Project("{2150E333-8FDC-42A3-9474-1A3956D46DE8}") = "3.2.013", "3.2.013", "{CECB16D4-933A-49A6-B5DA-3FC8827CD35A}"
EndProject
Project("{9A19103F-16F7-4668-BE54-9A1E7A4F7556}") = "NumerosRomanos", "Cap3\3.2.013\NumerosRomanos\NumerosRomanos.csproj", "{3B565A7D-0C08-4B28-98E6-1000B5A604D8}"
EndProject
Project("{9A19103F-16F7-4668-BE54-9A1E7A4F7556}") = "NumerosRomanos.Tests", "Cap3\3.2.013\NumerosRomanos.Tests\NumerosRomanos.Tests.csproj", "{325A5981-F893-4A05-9944-26BC24571280}"
EndProject
Project("{2150E333-8FDC-42A3-9474-1A3956D46DE8}") = "3.2.014", "3.2.014", "{7EE36B69-0F90-457B-9636-490C3E2DD496}"
EndProject
Project("{9A19103F-16F7-4668-BE54-9A1E7A4F7556}") = "NumerosRomanos", "Cap3\3.2.014\NumerosRomanos\NumerosRomanos.csproj", "{DF8CDF51-2E9C-4EC1-8FCB-6771E3A6D460}"
EndProject
Project("{9A19103F-16F7-4668-BE54-9A1E7A4F7556}") = "NumerosRomanos.Tests", "Cap3\3.2.014\NumerosRomanos.Tests\NumerosRomanos.Tests.csproj", "{358F5153-F81B-4D9B-BBB2-47D4681E3F8E}"
EndProject
Project("{2150E333-8FDC-42A3-9474-1A3956D46DE8}") = "3.2.015", "3.2.015", "{64FB879C-77D1-419C-8E55-A81170D417AF}"
EndProject
Project("{9A19103F-16F7-4668-BE54-9A1E7A4F7556}") = "NumerosRomanos", "Cap3\3.2.015\NumerosRomanos\NumerosRomanos.csproj", "{D068BC01-E00E-4F83-8A11-35C0A78CF7D4}"
EndProject
Project("{9A19103F-16F7-4668-BE54-9A1E7A4F7556}") = "NumerosRomanos.Tests", "Cap3\3.2.015\NumerosRomanos.Tests\NumerosRomanos.Tests.csproj", "{E1EB0868-AEB6-4D06-8170-88AA5DEF35BF}"
EndProject
Project("{2150E333-8FDC-42A3-9474-1A3956D46DE8}") = "3.2.016", "3.2.016", "{0F2BD6ED-5EEE-4F91-BDF7-DD47937C223B}"
EndProject
Project("{9A19103F-16F7-4668-BE54-9A1E7A4F7556}") = "NumerosRomanos", "Cap3\3.2.016\NumerosRomanos\NumerosRomanos.csproj", "{21666EF3-909D-49EA-BF73-AEA6A9CAA2C8}"
EndProject
Project("{9A19103F-16F7-4668-BE54-9A1E7A4F7556}") = "NumerosRomanos.Tests", "Cap3\3.2.016\NumerosRomanos.Tests\NumerosRomanos.Tests.csproj", "{BB1A7DED-9153-4835-8630-7F5FD765E882}"
EndProject
Project("{2150E333-8FDC-42A3-9474-1A3956D46DE8}") = "3.2.017", "3.2.017", "{C4131E0A-D39D-4C5A-A3A0-9F3206CC35CA}"
EndProject
Project("{9A19103F-16F7-4668-BE54-9A1E7A4F7556}") = "NumerosRomanos", "Cap3\3.2.017\NumerosRomanos\NumerosRomanos.csproj", "{A6CB3CA6-03C6-40E7-B10C-AE3594116280}"
EndProject
Project("{9A19103F-16F7-4668-BE54-9A1E7A4F7556}") = "NumerosRomanos.Tests", "Cap3\3.2.017\NumerosRomanos.Tests\NumerosRomanos.Tests.csproj", "{1E4AF29A-C0CA-47C3-86C3-E645CD855C0E}"
EndProject
Project("{2150E333-8FDC-42A3-9474-1A3956D46DE8}") = "3.2.018", "3.2.018", "{F4362827-C1DA-448C-9665-7E49289B2AD6}"
EndProject
Project("{9A19103F-16F7-4668-BE54-9A1E7A4F7556}") = "NumerosRomanos", "Cap3\3.2.018\NumerosRomanos\NumerosRomanos.csproj", "{6B58CFDA-0628-4FD8-BDDC-CBC704F496D7}"
EndProject
Project("{9A19103F-16F7-4668-BE54-9A1E7A4F7556}") = "NumerosRomanos.Tests", "Cap3\3.2.018\NumerosRomanos.Tests\NumerosRomanos.Tests.csproj", "{0693C4D5-58A4-4B6F-B8C1-2D3667A5854B}"
EndProject
Project("{2150E333-8FDC-42A3-9474-1A3956D46DE8}") = "Cap4", "Cap4", "{F5368757-E9CC-48EF-AAA3-51355714C6F3}"
EndProject
Project("{2150E333-8FDC-42A3-9474-1A3956D46DE8}") = "4.1.019", "4.1.019", "{ABF5D00D-29B7-43D2-85B7-C2BAA249CAE7}"
EndProject
Project("{9A19103F-16F7-4668-BE54-9A1E7A4F7556}") = "Empresa", "Cap4\4.1.019\Empresa\Empresa.csproj", "{F785A2ED-6376-4176-9735-9D2C2C5881B9}"
EndProject
Project("{2150E333-8FDC-42A3-9474-1A3956D46DE8}") = "4.2.020", "4.2.020", "{25D0E5EA-3684-4684-BD42-1D4AEB512921}"
EndProject
Project("{9A19103F-16F7-4668-BE54-9A1E7A4F7556}") = "Empresa", "Cap4\4.2.020\Empresa\Empresa.csproj", "{6FC86CE1-9E07-48A0-AC2E-ECA2FCD94EA8}"
EndProject
Project("{9A19103F-16F7-4668-BE54-9A1E7A4F7556}") = "Empresa.Tests", "Cap4\4.2.020\Empresa.Tests\Empresa.Tests.csproj", "{6A96B08C-BDB4-4749-BBFB-889AF1ACA087}"
EndProject
Project("{2150E333-8FDC-42A3-9474-1A3956D46DE8}") = "4.2.021", "4.2.021", "{B23BCF27-C374-4219-BD7A-9E7297F13DCA}"
EndProject
Project("{9A19103F-16F7-4668-BE54-9A1E7A4F7556}") = "Empresa", "Cap4\4.2.021\Empresa\Empresa.csproj", "{0A2798CC-6946-4774-9498-1E257FC197D1}"
EndProject
Project("{9A19103F-16F7-4668-BE54-9A1E7A4F7556}") = "Empresa.Tests", "Cap4\4.2.021\Empresa.Tests\Empresa.Tests.csproj", "{27044505-161F-452B-B88E-F57666FCF4B9}"
EndProject
Project("{2150E333-8FDC-42A3-9474-1A3956D46DE8}") = "4.2.022", "4.2.022", "{9C1234EC-25CA-43DD-B457-C7254A492CF6}"
EndProject
Project("{9A19103F-16F7-4668-BE54-9A1E7A4F7556}") = "Empresa", "Cap4\4.2.022\Empresa\Empresa.csproj", "{AF36C531-E93F-4121-974C-E22FE873E2FC}"
EndProject
Project("{9A19103F-16F7-4668-BE54-9A1E7A4F7556}") = "Empresa.Tests", "Cap4\4.2.022\Empresa.Tests\Empresa.Tests.csproj", "{C279D54A-B736-4539-BBBD-F32E570BC7A0}"
EndProject
Project("{2150E333-8FDC-42A3-9474-1A3956D46DE8}") = "4.4.023", "4.4.023", "{ABAC4463-4BC1-486B-B36B-63F0F2023829}"
EndProject
Project("{9A19103F-16F7-4668-BE54-9A1E7A4F7556}") = "Empresa", "Cap4\4.4.023\Empresa\Empresa.csproj", "{C3EE87FE-CEE6-4367-A5FB-9F9CFD55F365}"
EndProject
Project("{9A19103F-16F7-4668-BE54-9A1E7A4F7556}") = "Empresa.Tests", "Cap4\4.4.023\Empresa.Tests\Empresa.Tests.csproj", "{54BAF406-78AD-46FF-90F9-D9B02CD18648}"
EndProject
Project("{2150E333-8FDC-42A3-9474-1A3956D46DE8}") = "Cap5", "Cap5", "{1A958B47-DFFE-4EE7-BA90-7B6BEE9E75F0}"
EndProject
Project("{2150E333-8FDC-42A3-9474-1A3956D46DE8}") = "5.1.024", "5.1.024", "{1DD8D5A6-6598-4E24-BA8E-90A1E6D3F880}"
EndProject
Project("{9A19103F-16F7-4668-BE54-9A1E7A4F7556}") = "LojaVirtual", "Cap5\5.1.024\LojaVirtual\LojaVirtual.csproj", "{42E7822B-8642-444F-9D93-7746EC427FCE}"
EndProject
Project("{9A19103F-16F7-4668-BE54-9A1E7A4F7556}") = "LojaVirtual.Tests", "Cap5\5.1.024\LojaVirtual.Tests\LojaVirtual.Tests.csproj", "{14D372B9-69D3-479F-B719-D1DAADDB2096}"
EndProject
Project("{2150E333-8FDC-42A3-9474-1A3956D46DE8}") = "5.1.025", "5.1.025", "{4D1423AB-9EA3-488C-9D00-92A19452D1EF}"
EndProject
Project("{9A19103F-16F7-4668-BE54-9A1E7A4F7556}") = "LojaVirtual", "Cap5\5.1.025\LojaVirtual\LojaVirtual.csproj", "{2DE00B5F-ED65-4BDB-B32A-E04574F7CD4B}"
EndProject
Project("{9A19103F-16F7-4668-BE54-9A1E7A4F7556}") = "LojaVirtual.Tests", "Cap5\5.1.025\LojaVirtual.Tests\LojaVirtual.Tests.csproj", "{7068FDEC-FD52-400E-88B0-F1FB25AA82A5}"
EndProject
Project("{2150E333-8FDC-42A3-9474-1A3956D46DE8}") = "5.1.026", "5.1.026", "{D20C8A29-D635-4CF4-A04A-D8974A73E336}"
EndProject
Project("{9A19103F-16F7-4668-BE54-9A1E7A4F7556}") = "LojaVirtual", "Cap5\5.1.026\LojaVirtual\LojaVirtual.csproj", "{603BA383-A123-4514-98E2-618C427DAAC6}"
EndProject
Project("{9A19103F-16F7-4668-BE54-9A1E7A4F7556}") = "LojaVirtual.Tests", "Cap5\5.1.026\LojaVirtual.Tests\LojaVirtual.Tests.csproj", "{7E828748-507C-4C28-9755-06F4CEC1FC01}"
EndProject
Project("{2150E333-8FDC-42A3-9474-1A3956D46DE8}") = "5.1.027", "5.1.027", "{F5269BA4-5A59-40E1-9D52-EC2457BC2192}"
EndProject
Project("{9A19103F-16F7-4668-BE54-9A1E7A4F7556}") = "LojaVirtual", "Cap5\5.1.027\LojaVirtual\LojaVirtual.csproj", "{B298EC0D-45FC-4586-A476-32C3D93DA8D6}"
EndProject
Project("{9A19103F-16F7-4668-BE54-9A1E7A4F7556}") = "LojaVirtual.Tests", "Cap5\5.1.027\LojaVirtual.Tests\LojaVirtual.Tests.csproj", "{F51299F5-4ADE-412C-A8DB-A830E3E3FBD7}"
EndProject
Project("{2150E333-8FDC-42A3-9474-1A3956D46DE8}") = "Cap6", "Cap6", "{508B25B0-4BFE-4913-975F-FB4E4D3E8C13}"
EndProject
Project("{2150E333-8FDC-42A3-9474-1A3956D46DE8}") = "6.1.028", "6.1.028", "{210A5477-E28B-4D39-B7CD-FF2CCCC3B631}"
EndProject
Project("{9A19103F-16F7-4668-BE54-9A1E7A4F7556}") = "LojaVirtual", "Cap6\6.1.028\LojaVirtual\LojaVirtual.csproj", "{AD949BB8-BD49-454A-8090-03F273D5F244}"
EndProject
Project("{9A19103F-16F7-4668-BE54-9A1E7A4F7556}") = "LojaVirtual.Tests", "Cap6\6.1.028\LojaVirtual.Tests\LojaVirtual.Tests.csproj", "{C3D07B79-C17F-4F5F-9857-D115811F8D54}"
EndProject
Project("{2150E333-8FDC-42A3-9474-1A3956D46DE8}") = "6.3.029", "6.3.029", "{657A1F7B-F5BE-47FF-BF1F-ACE1E985BBBC}"
EndProject
Project("{9A19103F-16F7-4668-BE54-9A1E7A4F7556}") = "LojaVirtual", "Cap6\6.3.029\LojaVirtual\LojaVirtual.csproj", "{51DDB0BE-2634-44C1-9A64-720FA2917744}"
EndProject
Project("{9A19103F-16F7-4668-BE54-9A1E7A4F7556}") = "LojaVirtual.Tests", "Cap6\6.3.029\LojaVirtual.Tests\LojaVirtual.Tests.csproj", "{6227F21D-0872-4205-AC67-0FA228986181}"
EndProject
Project("{2150E333-8FDC-42A3-9474-1A3956D46DE8}") = "6.5.030", "6.5.030", "{CA5C1C19-32B4-4F42-B40D-CA46F97AE839}"
EndProject
Project("{9A19103F-16F7-4668-BE54-9A1E7A4F7556}") = "LojaVirtual", "Cap6\6.5.030\LojaVirtual\LojaVirtual.csproj", "{D40EF801-CFB9-4C9F-91F9-8CF1FFD2E35F}"
EndProject
Project("{9A19103F-16F7-4668-BE54-9A1E7A4F7556}") = "LojaVirtual.Tests", "Cap6\6.5.030\LojaVirtual.Tests\LojaVirtual.Tests.csproj", "{1A913A2F-1C4E-4433-B1CE-3E6F900153B1}"
EndProject
Project("{2150E333-8FDC-42A3-9474-1A3956D46DE8}") = "Cap7", "Cap7", "{7322A07B-B9A5-40C8-8DAA-FBCF5E3D600A}"
EndProject
Project("{2150E333-8FDC-42A3-9474-1A3956D46DE8}") = "7.1.031", "7.1.031", "{5C98DD57-0ADD-4064-AEA3-017094EFF42A}"
EndProject
Project("{9A19103F-16F7-4668-BE54-9A1E7A4F7556}") = "Empresa", "Cap7\7.1.031\Empresa\Empresa.csproj", "{D016FABA-F540-48DC-BA74-B8BA1D2226A2}"
EndProject
Project("{9A19103F-16F7-4668-BE54-9A1E7A4F7556}") = "Empresa.Tests", "Cap7\7.1.031\Empresa.Tests\Empresa.Tests.csproj", "{3DB35BA6-AB37-4817-9484-CC50CAF8CF74}"
EndProject
Project("{2150E333-8FDC-42A3-9474-1A3956D46DE8}") = "7.2.032", "7.2.032", "{B86B07B9-90B2-415F-9415-67B2E08F1AC3}"
EndProject
Project("{9A19103F-16F7-4668-BE54-9A1E7A4F7556}") = "Empresa", "Cap7\7.2.032\Empresa\Empresa.csproj", "{D5C6D7F4-0454-465A-90C4-4C862AAC8DF5}"
EndProject
Project("{9A19103F-16F7-4668-BE54-9A1E7A4F7556}") = "Empresa.Tests", "Cap7\7.2.032\Empresa.Tests\Empresa.Tests.csproj", "{4ECE9623-524C-4D6C-B72D-B43F709165D0}"
EndProject
Project("{2150E333-8FDC-42A3-9474-1A3956D46DE8}") = "7.4.033", "7.4.033", "{AFB13948-DC6D-4D86-9717-AC8AA1112F50}"
EndProject
Project("{9A19103F-16F7-4668-BE54-9A1E7A4F7556}") = "Empresa", "Cap7\7.4.033\Empresa\Empresa.csproj", "{8FB3D3B8-DC25-46F0-BF9A-58895B64787E}"
EndProject
Project("{9A19103F-16F7-4668-BE54-9A1E7A4F7556}") = "Empresa.Tests", "Cap7\7.4.033\Empresa.Tests\Empresa.Tests.csproj", "{F5E577CC-97E0-433D-9F84-D2090879BD07}"
EndProject
Project("{2150E333-8FDC-42A3-9474-1A3956D46DE8}") = "7.4.034", "7.4.034", "{44B9CF89-43C7-4699-A89F-7F653627FB18}"
EndProject
Project("{9A19103F-16F7-4668-BE54-9A1E7A4F7556}") = "Empresa", "Cap7\7.4.034\Empresa\Empresa.csproj", "{B7844ED5-C72B-43B4-9796-46FEDA4AC8F7}"
EndProject
Project("{9A19103F-16F7-4668-BE54-9A1E7A4F7556}") = "Empresa.Tests", "Cap7\7.4.034\Empresa.Tests\Empresa.Tests.csproj", "{DB9FAE28-6D5D-4F56-A985-427FCEC282AA}"
EndProject
Project("{2150E333-8FDC-42A3-9474-1A3956D46DE8}") = "7.4.035", "7.4.035", "{3426DB66-9FAB-479D-A62D-92E7893D7814}"
EndProject
Project("{9A19103F-16F7-4668-BE54-9A1E7A4F7556}") = "Empresa", "Cap7\7.4.035\Empresa\Empresa.csproj", "{1CC71D55-E172-4993-A7EC-65FE25C1CC69}"
EndProject
Project("{9A19103F-16F7-4668-BE54-9A1E7A4F7556}") = "Empresa.Tests", "Cap7\7.4.035\Empresa.Tests\Empresa.Tests.csproj", "{B1CA3E4C-C004-44A8-BA22-2307FD6380B4}"
EndProject
Project("{2150E333-8FDC-42A3-9474-1A3956D46DE8}") = "Cap8", "Cap8", "{192EE6A8-F31B-4165-A71D-FFA055BF7DC1}"
EndProject
Project("{2150E333-8FDC-42A3-9474-1A3956D46DE8}") = "8.1.036", "8.1.036", "{FBD00E59-34A7-4C17-994B-AD6F81FBD971}"
EndProject
Project("{9A19103F-16F7-4668-BE54-9A1E7A4F7556}") = "Venda", "Cap8\8.1.036\Venda\Venda.csproj", "{DDCC15B9-7D48-48C2-89BC-D03AE68437D2}"
EndProject
Project("{2150E333-8FDC-42A3-9474-1A3956D46DE8}") = "8.1.037", "8.1.037", "{32AA5902-2F48-424E-86CB-A8164A59DA3B}"
EndProject
Project("{9A19103F-16F7-4668-BE54-9A1E7A4F7556}") = "Venda", "Cap8\8.1.037\Venda\Venda.csproj", "{552BCA95-4D26-43AD-BD88-0780DA76508F}"
EndProject
Project("{9A19103F-16F7-4668-BE54-9A1E7A4F7556}") = "Venda.Tests", "Cap8\8.1.037\Venda.Tests\Venda.Tests.csproj", "{E8B6E86E-F363-48EC-A1AD-E257E0677B95}"
EndProject
Project("{2150E333-8FDC-42A3-9474-1A3956D46DE8}") = "8.1.038", "8.1.038", "{389C1745-E645-476F-B617-F8D1793F5C83}"
EndProject
Project("{9A19103F-16F7-4668-BE54-9A1E7A4F7556}") = "Venda", "Cap8\8.1.038\Venda\Venda.csproj", "{C4F2ED14-0DC3-439D-BD4F-448624ED06E0}"
EndProject
Project("{9A19103F-16F7-4668-BE54-9A1E7A4F7556}") = "Venda.Tests", "Cap8\8.1.038\Venda.Tests\Venda.Tests.csproj", "{15C8AAEA-42F2-4D97-9CCA-92196E599E0F}"
EndProject
Project("{2150E333-8FDC-42A3-9474-1A3956D46DE8}") = "8.2.039", "8.2.039", "{1782C3D9-AB0A-4D36-A21B-33C708DD3456}"
EndProject
Project("{9A19103F-16F7-4668-BE54-9A1E7A4F7556}") = "Venda", "Cap8\8.2.039\Venda\Venda.csproj", "{0BFAAF9F-13AE-492F-8C87-C2ACF4D0CCBC}"
EndProject
Project("{9A19103F-16F7-4668-BE54-9A1E7A4F7556}") = "Venda.Tests", "Cap8\8.2.039\Venda.Tests\Venda.Tests.csproj", "{E22765B0-57D0-49B9-9239-B8A60FA6FBC6}"
EndProject
Project("{2150E333-8FDC-42A3-9474-1A3956D46DE8}") = "8.2.040", "8.2.040", "{986F959C-0E31-4B82-B19F-4F66B694E02C}"
EndProject
Project("{9A19103F-16F7-4668-BE54-9A1E7A4F7556}") = "Venda", "Cap8\8.2.040\Venda\Venda.csproj", "{4124D055-711B-489C-9FE4-B2868686B4EA}"
EndProject
Project("{9A19103F-16F7-4668-BE54-9A1E7A4F7556}") = "Venda.Tests", "Cap8\8.2.040\Venda.Tests\Venda.Tests.csproj", "{CF65DB8B-F82A-403B-AF5D-E5E5ED88CE0C}"
EndProject
Project("{2150E333-8FDC-42A3-9474-1A3956D46DE8}") = "8.2.041", "8.2.041", "{8DA79DEF-48C9-41D8-934B-3CF3F3EEC127}"
EndProject
Project("{9A19103F-16F7-4668-BE54-9A1E7A4F7556}") = "Venda", "Cap8\8.2.041\Venda\Venda.csproj", "{D5F87F3E-221D-49B5-9805-1AE07353CEBD}"
EndProject
Project("{9A19103F-16F7-4668-BE54-9A1E7A4F7556}") = "Venda.Tests", "Cap8\8.2.041\Venda.Tests\Venda.Tests.csproj", "{D818545F-84F3-4E03-BCF7-8E154ADB54C2}"
EndProject
Project("{2150E333-8FDC-42A3-9474-1A3956D46DE8}") = "8.6.042", "8.6.042", "{0A82EC11-C202-49F2-A182-AAAA009A78E0}"
EndProject
Project("{9A19103F-16F7-4668-BE54-9A1E7A4F7556}") = "Venda", "Cap8\8.6.042\Venda\Venda.csproj", "{95E1F371-AC97-4070-BDC8-546EAF4893D0}"
EndProject
Project("{9A19103F-16F7-4668-BE54-9A1E7A4F7556}") = "Venda.Tests", "Cap8\8.6.042\Venda.Tests\Venda.Tests.csproj", "{0AC42B4C-144B-451F-AA3F-1AA2672F31EB}"
EndProject
Project("{2150E333-8FDC-42A3-9474-1A3956D46DE8}") = "8.7.043", "8.7.043", "{E95DE94F-509E-4F03-86B7-737E42CE17C8}"
EndProject
Project("{9A19103F-16F7-4668-BE54-9A1E7A4F7556}") = "Venda", "Cap8\8.7.043\Venda\Venda.csproj", "{9B5B04AA-B96E-49B0-8EDF-3FFCA0C1E33F}"
EndProject
Project("{9A19103F-16F7-4668-BE54-9A1E7A4F7556}") = "Venda.Tests", "Cap8\8.7.043\Venda.Tests\Venda.Tests.csproj", "{D8B3D94C-23E0-42D9-A0E4-35178FE8A29A}"
EndProject
Project("{2150E333-8FDC-42A3-9474-1A3956D46DE8}") = "8.8.044", "8.8.044", "{AC5DA046-FF11-4663-9E98-5D0B5E6A3436}"
EndProject
Project("{9A19103F-16F7-4668-BE54-9A1E7A4F7556}") = "Venda", "Cap8\8.8.044\Venda\Venda.csproj", "{2AB156F6-C0FA-4EBE-BF74-02A203242725}"
EndProject
Project("{9A19103F-16F7-4668-BE54-9A1E7A4F7556}") = "Venda.Tests", "Cap8\8.8.044\Venda.Tests\Venda.Tests.csproj", "{92460711-8184-4339-8932-FA7675142A5B}"
EndProject
Project("{2150E333-8FDC-42A3-9474-1A3956D46DE8}") = "8.8.045", "8.8.045", "{B8E61B79-D55F-418E-A556-0354937237CF}"
EndProject
Project("{9A19103F-16F7-4668-BE54-9A1E7A4F7556}") = "Venda", "Cap8\8.8.045\Venda\Venda.csproj", "{F6823152-44A5-4811-8FCF-A31745CB6FDC}"
EndProject
Project("{9A19103F-16F7-4668-BE54-9A1E7A4F7556}") = "Venda.Tests", "Cap8\8.8.045\Venda.Tests\Venda.Tests.csproj", "{A3DE636C-C308-47AA-BCEA-5686785337BD}"
EndProject
Project("{2150E333-8FDC-42A3-9474-1A3956D46DE8}") = "Cap9", "Cap9", "{51239DB6-EB13-4B48-A88C-2D8E383A6B31}"
EndProject
Project("{2150E333-8FDC-42A3-9474-1A3956D46DE8}") = "9.1.046", "9.1.046", "{99CD3FAB-F25D-4D33-9E1B-212C3EBF4256}"
EndProject
Project("{9A19103F-16F7-4668-BE54-9A1E7A4F7556}") = "Crediario", "Cap9\9.1.046\Crediario\Crediario.csproj", "{9D668104-0C56-4F58-AB62-F0277B8658B1}"
EndProject
Project("{9A19103F-16F7-4668-BE54-9A1E7A4F7556}") = "Crediario.Tests", "Cap9\9.1.046\Crediario.Tests\Crediario.Tests.csproj", "{CE67D3B3-2A35-483D-980C-10F2EFE27281}"
EndProject
Project("{2150E333-8FDC-42A3-9474-1A3956D46DE8}") = "9.1.047", "9.1.047", "{50D2BF61-44F9-4013-88CB-294DFB1FBE61}"
EndProject
Project("{9A19103F-16F7-4668-BE54-9A1E7A4F7556}") = "Crediario", "Cap9\9.1.047\Crediario\Crediario.csproj", "{33334273-8A2B-4F5D-8B17-56DA71962600}"
EndProject
Project("{9A19103F-16F7-4668-BE54-9A1E7A4F7556}") = "Crediario.Tests", "Cap9\9.1.047\Crediario.Tests\Crediario.Tests.csproj", "{EC71B536-23D2-4DDC-A3B2-0D0C47AFD176}"
EndProject
Project("{2150E333-8FDC-42A3-9474-1A3956D46DE8}") = "9.1.048", "9.1.048", "{D0DC06A7-B423-4F79-AB0B-9DBF05061A91}"
EndProject
Project("{9A19103F-16F7-4668-BE54-9A1E7A4F7556}") = "Crediario", "Cap9\9.1.048\Crediario\Crediario.csproj", "{7285B457-420D-4250-929B-D36D1AF369BE}"
EndProject
Project("{9A19103F-16F7-4668-BE54-9A1E7A4F7556}") = "Crediario.Tests", "Cap9\9.1.048\Crediario.Tests\Crediario.Tests.csproj", "{4D46DB08-5673-4DB3-AC60-43B56288A1D4}"
EndProject
Project("{2150E333-8FDC-42A3-9474-1A3956D46DE8}") = "9.4.049", "9.4.049", "{49F38359-BCEC-4D81-92BF-8FE036534599}"
EndProject
Project("{9A19103F-16F7-4668-BE54-9A1E7A4F7556}") = "Crediario", "Cap9\9.4.049\Crediario\Crediario.csproj", "{AEE36935-B30D-4159-9638-89F55D434FEB}"
EndProject
Project("{9A19103F-16F7-4668-BE54-9A1E7A4F7556}") = "Crediario.Tests", "Cap9\9.4.049\Crediario.Tests\Crediario.Tests.csproj", "{8EAD4A74-E5A3-4997-9B89-B49AB57389B4}"
EndProject
Project("{2150E333-8FDC-42A3-9474-1A3956D46DE8}") = "9.4.050", "9.4.050", "{35E3AFC2-1DE9-4E40-8C0F-B847D3349D08}"
EndProject
Project("{9A19103F-16F7-4668-BE54-9A1E7A4F7556}") = "Crediario", "Cap9\9.4.050\Crediario\Crediario.csproj", "{A81525F5-1F3E-431D-9E0E-226E9A85CE25}"
EndProject
Project("{9A19103F-16F7-4668-BE54-9A1E7A4F7556}") = "Crediario.Tests", "Cap9\9.4.050\Crediario.Tests\Crediario.Tests.csproj", "{60D62794-8776-429C-9C57-218FC39EC2E5}"
EndProject
Global
	GlobalSection(SolutionConfigurationPlatforms) = preSolution
		Debug|Any CPU = Debug|Any CPU
		Release|Any CPU = Release|Any CPU
	EndGlobalSection
	GlobalSection(ProjectConfigurationPlatforms) = postSolution
		{A5585EAB-EEDE-4522-9020-D5D4188C5116}.Debug|Any CPU.ActiveCfg = Debug|Any CPU
		{A5585EAB-EEDE-4522-9020-D5D4188C5116}.Debug|Any CPU.Build.0 = Debug|Any CPU
		{A5585EAB-EEDE-4522-9020-D5D4188C5116}.Release|Any CPU.ActiveCfg = Release|Any CPU
		{A5585EAB-EEDE-4522-9020-D5D4188C5116}.Release|Any CPU.Build.0 = Release|Any CPU
		{A7E657A5-7E8E-467E-AD80-83385B616A5B}.Debug|Any CPU.ActiveCfg = Debug|Any CPU
		{A7E657A5-7E8E-467E-AD80-83385B616A5B}.Debug|Any CPU.Build.0 = Debug|Any CPU
		{A7E657A5-7E8E-467E-AD80-83385B616A5B}.Release|Any CPU.ActiveCfg = Release|Any CPU
		{A7E657A5-7E8E-467E-AD80-83385B616A5B}.Release|Any CPU.Build.0 = Release|Any CPU
		{AA2800F1-E3D2-4304-977C-EE675D09CF5F}.Debug|Any CPU.ActiveCfg = Debug|Any CPU
		{AA2800F1-E3D2-4304-977C-EE675D09CF5F}.Debug|Any CPU.Build.0 = Debug|Any CPU
		{AA2800F1-E3D2-4304-977C-EE675D09CF5F}.Release|Any CPU.ActiveCfg = Release|Any CPU
		{AA2800F1-E3D2-4304-977C-EE675D09CF5F}.Release|Any CPU.Build.0 = Release|Any CPU
		{BF987199-5116-4743-9518-A2BAE9B8D3E3}.Debug|Any CPU.ActiveCfg = Debug|Any CPU
		{BF987199-5116-4743-9518-A2BAE9B8D3E3}.Debug|Any CPU.Build.0 = Debug|Any CPU
		{BF987199-5116-4743-9518-A2BAE9B8D3E3}.Release|Any CPU.ActiveCfg = Release|Any CPU
		{BF987199-5116-4743-9518-A2BAE9B8D3E3}.Release|Any CPU.Build.0 = Release|Any CPU
		{50291567-F4A8-47FB-A97A-E6FA0DB5CDDD}.Debug|Any CPU.ActiveCfg = Debug|Any CPU
		{50291567-F4A8-47FB-A97A-E6FA0DB5CDDD}.Debug|Any CPU.Build.0 = Debug|Any CPU
		{50291567-F4A8-47FB-A97A-E6FA0DB5CDDD}.Release|Any CPU.ActiveCfg = Release|Any CPU
		{50291567-F4A8-47FB-A97A-E6FA0DB5CDDD}.Release|Any CPU.Build.0 = Release|Any CPU
		{08F14ACE-ABEA-47C8-B015-14ACD1581226}.Debug|Any CPU.ActiveCfg = Debug|Any CPU
		{08F14ACE-ABEA-47C8-B015-14ACD1581226}.Debug|Any CPU.Build.0 = Debug|Any CPU
		{08F14ACE-ABEA-47C8-B015-14ACD1581226}.Release|Any CPU.ActiveCfg = Release|Any CPU
		{08F14ACE-ABEA-47C8-B015-14ACD1581226}.Release|Any CPU.Build.0 = Release|Any CPU
		{A89671CA-170C-4187-B552-EF8A2F27BBF4}.Debug|Any CPU.ActiveCfg = Debug|Any CPU
		{A89671CA-170C-4187-B552-EF8A2F27BBF4}.Debug|Any CPU.Build.0 = Debug|Any CPU
		{A89671CA-170C-4187-B552-EF8A2F27BBF4}.Release|Any CPU.ActiveCfg = Release|Any CPU
		{A89671CA-170C-4187-B552-EF8A2F27BBF4}.Release|Any CPU.Build.0 = Release|Any CPU
		{3AC60A19-A685-482D-8929-830DC1F894C6}.Debug|Any CPU.ActiveCfg = Debug|Any CPU
		{3AC60A19-A685-482D-8929-830DC1F894C6}.Debug|Any CPU.Build.0 = Debug|Any CPU
		{3AC60A19-A685-482D-8929-830DC1F894C6}.Release|Any CPU.ActiveCfg = Release|Any CPU
		{3AC60A19-A685-482D-8929-830DC1F894C6}.Release|Any CPU.Build.0 = Release|Any CPU
		{6024259F-BE3F-4DD4-837B-75035F1C3E0B}.Debug|Any CPU.ActiveCfg = Debug|Any CPU
		{6024259F-BE3F-4DD4-837B-75035F1C3E0B}.Debug|Any CPU.Build.0 = Debug|Any CPU
		{6024259F-BE3F-4DD4-837B-75035F1C3E0B}.Release|Any CPU.ActiveCfg = Release|Any CPU
		{6024259F-BE3F-4DD4-837B-75035F1C3E0B}.Release|Any CPU.Build.0 = Release|Any CPU
		{D7AB200A-8375-4C81-97AF-2732903853CB}.Debug|Any CPU.ActiveCfg = Debug|Any CPU
		{D7AB200A-8375-4C81-97AF-2732903853CB}.Debug|Any CPU.Build.0 = Debug|Any CPU
		{D7AB200A-8375-4C81-97AF-2732903853CB}.Release|Any CPU.ActiveCfg = Release|Any CPU
		{D7AB200A-8375-4C81-97AF-2732903853CB}.Release|Any CPU.Build.0 = Release|Any CPU
		{F8623A4D-A4B9-4E1F-9C6A-2FEA9E9B0F6E}.Debug|Any CPU.ActiveCfg = Debug|Any CPU
		{F8623A4D-A4B9-4E1F-9C6A-2FEA9E9B0F6E}.Debug|Any CPU.Build.0 = Debug|Any CPU
		{F8623A4D-A4B9-4E1F-9C6A-2FEA9E9B0F6E}.Release|Any CPU.ActiveCfg = Release|Any CPU
		{F8623A4D-A4B9-4E1F-9C6A-2FEA9E9B0F6E}.Release|Any CPU.Build.0 = Release|Any CPU
		{031EFE07-1D6C-4795-8648-0201C2FFF389}.Debug|Any CPU.ActiveCfg = Debug|Any CPU
		{031EFE07-1D6C-4795-8648-0201C2FFF389}.Debug|Any CPU.Build.0 = Debug|Any CPU
		{031EFE07-1D6C-4795-8648-0201C2FFF389}.Release|Any CPU.ActiveCfg = Release|Any CPU
		{031EFE07-1D6C-4795-8648-0201C2FFF389}.Release|Any CPU.Build.0 = Release|Any CPU
		{4C2C580F-038E-44B6-B7A2-C6FD462CBCB9}.Debug|Any CPU.ActiveCfg = Debug|Any CPU
		{4C2C580F-038E-44B6-B7A2-C6FD462CBCB9}.Debug|Any CPU.Build.0 = Debug|Any CPU
		{4C2C580F-038E-44B6-B7A2-C6FD462CBCB9}.Release|Any CPU.ActiveCfg = Release|Any CPU
		{4C2C580F-038E-44B6-B7A2-C6FD462CBCB9}.Release|Any CPU.Build.0 = Release|Any CPU
		{13F40126-8894-4EB6-AF25-6289CA195E7C}.Debug|Any CPU.ActiveCfg = Debug|Any CPU
		{13F40126-8894-4EB6-AF25-6289CA195E7C}.Debug|Any CPU.Build.0 = Debug|Any CPU
		{13F40126-8894-4EB6-AF25-6289CA195E7C}.Release|Any CPU.ActiveCfg = Release|Any CPU
		{13F40126-8894-4EB6-AF25-6289CA195E7C}.Release|Any CPU.Build.0 = Release|Any CPU
		{5EC033D8-FC53-4D48-B91F-E2D418EA9479}.Debug|Any CPU.ActiveCfg = Debug|Any CPU
		{5EC033D8-FC53-4D48-B91F-E2D418EA9479}.Debug|Any CPU.Build.0 = Debug|Any CPU
		{5EC033D8-FC53-4D48-B91F-E2D418EA9479}.Release|Any CPU.ActiveCfg = Release|Any CPU
		{5EC033D8-FC53-4D48-B91F-E2D418EA9479}.Release|Any CPU.Build.0 = Release|Any CPU
		{EDAADC9A-51BC-4BB2-9A2B-AC56E25FAF60}.Debug|Any CPU.ActiveCfg = Debug|Any CPU
		{EDAADC9A-51BC-4BB2-9A2B-AC56E25FAF60}.Debug|Any CPU.Build.0 = Debug|Any CPU
		{EDAADC9A-51BC-4BB2-9A2B-AC56E25FAF60}.Release|Any CPU.ActiveCfg = Release|Any CPU
		{EDAADC9A-51BC-4BB2-9A2B-AC56E25FAF60}.Release|Any CPU.Build.0 = Release|Any CPU
		{92552226-DA86-462D-A7D9-550850CFFDE2}.Debug|Any CPU.ActiveCfg = Debug|Any CPU
		{92552226-DA86-462D-A7D9-550850CFFDE2}.Debug|Any CPU.Build.0 = Debug|Any CPU
		{92552226-DA86-462D-A7D9-550850CFFDE2}.Release|Any CPU.ActiveCfg = Release|Any CPU
		{92552226-DA86-462D-A7D9-550850CFFDE2}.Release|Any CPU.Build.0 = Release|Any CPU
		{D6EEE48E-7B2D-4497-B2B5-454820EE0A7C}.Debug|Any CPU.ActiveCfg = Debug|Any CPU
		{D6EEE48E-7B2D-4497-B2B5-454820EE0A7C}.Debug|Any CPU.Build.0 = Debug|Any CPU
		{D6EEE48E-7B2D-4497-B2B5-454820EE0A7C}.Release|Any CPU.ActiveCfg = Release|Any CPU
		{D6EEE48E-7B2D-4497-B2B5-454820EE0A7C}.Release|Any CPU.Build.0 = Release|Any CPU
		{B8379B45-13E5-42AE-84AC-01BF1EE2ADA1}.Debug|Any CPU.ActiveCfg = Debug|Any CPU
		{B8379B45-13E5-42AE-84AC-01BF1EE2ADA1}.Debug|Any CPU.Build.0 = Debug|Any CPU
		{B8379B45-13E5-42AE-84AC-01BF1EE2ADA1}.Release|Any CPU.ActiveCfg = Release|Any CPU
		{B8379B45-13E5-42AE-84AC-01BF1EE2ADA1}.Release|Any CPU.Build.0 = Release|Any CPU
		{C8F730BD-D0D3-4B19-9952-A04EE8EFAB04}.Debug|Any CPU.ActiveCfg = Debug|Any CPU
		{C8F730BD-D0D3-4B19-9952-A04EE8EFAB04}.Debug|Any CPU.Build.0 = Debug|Any CPU
		{C8F730BD-D0D3-4B19-9952-A04EE8EFAB04}.Release|Any CPU.ActiveCfg = Release|Any CPU
		{C8F730BD-D0D3-4B19-9952-A04EE8EFAB04}.Release|Any CPU.Build.0 = Release|Any CPU
		{19532865-FBB9-40F9-BBB7-50A8BCF87705}.Debug|Any CPU.ActiveCfg = Debug|Any CPU
		{19532865-FBB9-40F9-BBB7-50A8BCF87705}.Debug|Any CPU.Build.0 = Debug|Any CPU
		{19532865-FBB9-40F9-BBB7-50A8BCF87705}.Release|Any CPU.ActiveCfg = Release|Any CPU
		{19532865-FBB9-40F9-BBB7-50A8BCF87705}.Release|Any CPU.Build.0 = Release|Any CPU
		{18D68ACF-0265-4D96-B9EB-1386E249A4B5}.Debug|Any CPU.ActiveCfg = Debug|Any CPU
		{18D68ACF-0265-4D96-B9EB-1386E249A4B5}.Debug|Any CPU.Build.0 = Debug|Any CPU
		{18D68ACF-0265-4D96-B9EB-1386E249A4B5}.Release|Any CPU.ActiveCfg = Release|Any CPU
		{18D68ACF-0265-4D96-B9EB-1386E249A4B5}.Release|Any CPU.Build.0 = Release|Any CPU
		{3B565A7D-0C08-4B28-98E6-1000B5A604D8}.Debug|Any CPU.ActiveCfg = Debug|Any CPU
		{3B565A7D-0C08-4B28-98E6-1000B5A604D8}.Debug|Any CPU.Build.0 = Debug|Any CPU
		{3B565A7D-0C08-4B28-98E6-1000B5A604D8}.Release|Any CPU.ActiveCfg = Release|Any CPU
		{3B565A7D-0C08-4B28-98E6-1000B5A604D8}.Release|Any CPU.Build.0 = Release|Any CPU
		{325A5981-F893-4A05-9944-26BC24571280}.Debug|Any CPU.ActiveCfg = Debug|Any CPU
		{325A5981-F893-4A05-9944-26BC24571280}.Debug|Any CPU.Build.0 = Debug|Any CPU
		{325A5981-F893-4A05-9944-26BC24571280}.Release|Any CPU.ActiveCfg = Release|Any CPU
		{325A5981-F893-4A05-9944-26BC24571280}.Release|Any CPU.Build.0 = Release|Any CPU
		{DF8CDF51-2E9C-4EC1-8FCB-6771E3A6D460}.Debug|Any CPU.ActiveCfg = Debug|Any CPU
		{DF8CDF51-2E9C-4EC1-8FCB-6771E3A6D460}.Debug|Any CPU.Build.0 = Debug|Any CPU
		{DF8CDF51-2E9C-4EC1-8FCB-6771E3A6D460}.Release|Any CPU.ActiveCfg = Release|Any CPU
		{DF8CDF51-2E9C-4EC1-8FCB-6771E3A6D460}.Release|Any CPU.Build.0 = Release|Any CPU
		{358F5153-F81B-4D9B-BBB2-47D4681E3F8E}.Debug|Any CPU.ActiveCfg = Debug|Any CPU
		{358F5153-F81B-4D9B-BBB2-47D4681E3F8E}.Debug|Any CPU.Build.0 = Debug|Any CPU
		{358F5153-F81B-4D9B-BBB2-47D4681E3F8E}.Release|Any CPU.ActiveCfg = Release|Any CPU
		{358F5153-F81B-4D9B-BBB2-47D4681E3F8E}.Release|Any CPU.Build.0 = Release|Any CPU
		{D068BC01-E00E-4F83-8A11-35C0A78CF7D4}.Debug|Any CPU.ActiveCfg = Debug|Any CPU
		{D068BC01-E00E-4F83-8A11-35C0A78CF7D4}.Debug|Any CPU.Build.0 = Debug|Any CPU
		{D068BC01-E00E-4F83-8A11-35C0A78CF7D4}.Release|Any CPU.ActiveCfg = Release|Any CPU
		{D068BC01-E00E-4F83-8A11-35C0A78CF7D4}.Release|Any CPU.Build.0 = Release|Any CPU
		{E1EB0868-AEB6-4D06-8170-88AA5DEF35BF}.Debug|Any CPU.ActiveCfg = Debug|Any CPU
		{E1EB0868-AEB6-4D06-8170-88AA5DEF35BF}.Debug|Any CPU.Build.0 = Debug|Any CPU
		{E1EB0868-AEB6-4D06-8170-88AA5DEF35BF}.Release|Any CPU.ActiveCfg = Release|Any CPU
		{E1EB0868-AEB6-4D06-8170-88AA5DEF35BF}.Release|Any CPU.Build.0 = Release|Any CPU
		{21666EF3-909D-49EA-BF73-AEA6A9CAA2C8}.Debug|Any CPU.ActiveCfg = Debug|Any CPU
		{21666EF3-909D-49EA-BF73-AEA6A9CAA2C8}.Debug|Any CPU.Build.0 = Debug|Any CPU
		{21666EF3-909D-49EA-BF73-AEA6A9CAA2C8}.Release|Any CPU.ActiveCfg = Release|Any CPU
		{21666EF3-909D-49EA-BF73-AEA6A9CAA2C8}.Release|Any CPU.Build.0 = Release|Any CPU
		{BB1A7DED-9153-4835-8630-7F5FD765E882}.Debug|Any CPU.ActiveCfg = Debug|Any CPU
		{BB1A7DED-9153-4835-8630-7F5FD765E882}.Debug|Any CPU.Build.0 = Debug|Any CPU
		{BB1A7DED-9153-4835-8630-7F5FD765E882}.Release|Any CPU.ActiveCfg = Release|Any CPU
		{BB1A7DED-9153-4835-8630-7F5FD765E882}.Release|Any CPU.Build.0 = Release|Any CPU
		{A6CB3CA6-03C6-40E7-B10C-AE3594116280}.Debug|Any CPU.ActiveCfg = Debug|Any CPU
		{A6CB3CA6-03C6-40E7-B10C-AE3594116280}.Debug|Any CPU.Build.0 = Debug|Any CPU
		{A6CB3CA6-03C6-40E7-B10C-AE3594116280}.Release|Any CPU.ActiveCfg = Release|Any CPU
		{A6CB3CA6-03C6-40E7-B10C-AE3594116280}.Release|Any CPU.Build.0 = Release|Any CPU
		{1E4AF29A-C0CA-47C3-86C3-E645CD855C0E}.Debug|Any CPU.ActiveCfg = Debug|Any CPU
		{1E4AF29A-C0CA-47C3-86C3-E645CD855C0E}.Debug|Any CPU.Build.0 = Debug|Any CPU
		{1E4AF29A-C0CA-47C3-86C3-E645CD855C0E}.Release|Any CPU.ActiveCfg = Release|Any CPU
		{1E4AF29A-C0CA-47C3-86C3-E645CD855C0E}.Release|Any CPU.Build.0 = Release|Any CPU
		{6B58CFDA-0628-4FD8-BDDC-CBC704F496D7}.Debug|Any CPU.ActiveCfg = Debug|Any CPU
		{6B58CFDA-0628-4FD8-BDDC-CBC704F496D7}.Debug|Any CPU.Build.0 = Debug|Any CPU
		{6B58CFDA-0628-4FD8-BDDC-CBC704F496D7}.Release|Any CPU.ActiveCfg = Release|Any CPU
		{6B58CFDA-0628-4FD8-BDDC-CBC704F496D7}.Release|Any CPU.Build.0 = Release|Any CPU
		{0693C4D5-58A4-4B6F-B8C1-2D3667A5854B}.Debug|Any CPU.ActiveCfg = Debug|Any CPU
		{0693C4D5-58A4-4B6F-B8C1-2D3667A5854B}.Debug|Any CPU.Build.0 = Debug|Any CPU
		{0693C4D5-58A4-4B6F-B8C1-2D3667A5854B}.Release|Any CPU.ActiveCfg = Release|Any CPU
		{0693C4D5-58A4-4B6F-B8C1-2D3667A5854B}.Release|Any CPU.Build.0 = Release|Any CPU
		{F785A2ED-6376-4176-9735-9D2C2C5881B9}.Debug|Any CPU.ActiveCfg = Debug|Any CPU
		{F785A2ED-6376-4176-9735-9D2C2C5881B9}.Debug|Any CPU.Build.0 = Debug|Any CPU
		{F785A2ED-6376-4176-9735-9D2C2C5881B9}.Release|Any CPU.ActiveCfg = Release|Any CPU
		{F785A2ED-6376-4176-9735-9D2C2C5881B9}.Release|Any CPU.Build.0 = Release|Any CPU
		{6FC86CE1-9E07-48A0-AC2E-ECA2FCD94EA8}.Debug|Any CPU.ActiveCfg = Debug|Any CPU
		{6FC86CE1-9E07-48A0-AC2E-ECA2FCD94EA8}.Debug|Any CPU.Build.0 = Debug|Any CPU
		{6FC86CE1-9E07-48A0-AC2E-ECA2FCD94EA8}.Release|Any CPU.ActiveCfg = Release|Any CPU
		{6FC86CE1-9E07-48A0-AC2E-ECA2FCD94EA8}.Release|Any CPU.Build.0 = Release|Any CPU
		{6A96B08C-BDB4-4749-BBFB-889AF1ACA087}.Debug|Any CPU.ActiveCfg = Debug|Any CPU
		{6A96B08C-BDB4-4749-BBFB-889AF1ACA087}.Debug|Any CPU.Build.0 = Debug|Any CPU
		{6A96B08C-BDB4-4749-BBFB-889AF1ACA087}.Release|Any CPU.ActiveCfg = Release|Any CPU
		{6A96B08C-BDB4-4749-BBFB-889AF1ACA087}.Release|Any CPU.Build.0 = Release|Any CPU
		{0A2798CC-6946-4774-9498-1E257FC197D1}.Debug|Any CPU.ActiveCfg = Debug|Any CPU
		{0A2798CC-6946-4774-9498-1E257FC197D1}.Debug|Any CPU.Build.0 = Debug|Any CPU
		{0A2798CC-6946-4774-9498-1E257FC197D1}.Release|Any CPU.ActiveCfg = Release|Any CPU
		{0A2798CC-6946-4774-9498-1E257FC197D1}.Release|Any CPU.Build.0 = Release|Any CPU
		{27044505-161F-452B-B88E-F57666FCF4B9}.Debug|Any CPU.ActiveCfg = Debug|Any CPU
		{27044505-161F-452B-B88E-F57666FCF4B9}.Debug|Any CPU.Build.0 = Debug|Any CPU
		{27044505-161F-452B-B88E-F57666FCF4B9}.Release|Any CPU.ActiveCfg = Release|Any CPU
		{27044505-161F-452B-B88E-F57666FCF4B9}.Release|Any CPU.Build.0 = Release|Any CPU
		{AF36C531-E93F-4121-974C-E22FE873E2FC}.Debug|Any CPU.ActiveCfg = Debug|Any CPU
		{AF36C531-E93F-4121-974C-E22FE873E2FC}.Debug|Any CPU.Build.0 = Debug|Any CPU
		{AF36C531-E93F-4121-974C-E22FE873E2FC}.Release|Any CPU.ActiveCfg = Release|Any CPU
		{AF36C531-E93F-4121-974C-E22FE873E2FC}.Release|Any CPU.Build.0 = Release|Any CPU
		{C279D54A-B736-4539-BBBD-F32E570BC7A0}.Debug|Any CPU.ActiveCfg = Debug|Any CPU
		{C279D54A-B736-4539-BBBD-F32E570BC7A0}.Debug|Any CPU.Build.0 = Debug|Any CPU
		{C279D54A-B736-4539-BBBD-F32E570BC7A0}.Release|Any CPU.ActiveCfg = Release|Any CPU
		{C279D54A-B736-4539-BBBD-F32E570BC7A0}.Release|Any CPU.Build.0 = Release|Any CPU
		{C3EE87FE-CEE6-4367-A5FB-9F9CFD55F365}.Debug|Any CPU.ActiveCfg = Debug|Any CPU
		{C3EE87FE-CEE6-4367-A5FB-9F9CFD55F365}.Debug|Any CPU.Build.0 = Debug|Any CPU
		{C3EE87FE-CEE6-4367-A5FB-9F9CFD55F365}.Release|Any CPU.ActiveCfg = Release|Any CPU
		{C3EE87FE-CEE6-4367-A5FB-9F9CFD55F365}.Release|Any CPU.Build.0 = Release|Any CPU
		{54BAF406-78AD-46FF-90F9-D9B02CD18648}.Debug|Any CPU.ActiveCfg = Debug|Any CPU
		{54BAF406-78AD-46FF-90F9-D9B02CD18648}.Debug|Any CPU.Build.0 = Debug|Any CPU
		{54BAF406-78AD-46FF-90F9-D9B02CD18648}.Release|Any CPU.ActiveCfg = Release|Any CPU
		{54BAF406-78AD-46FF-90F9-D9B02CD18648}.Release|Any CPU.Build.0 = Release|Any CPU
		{42E7822B-8642-444F-9D93-7746EC427FCE}.Debug|Any CPU.ActiveCfg = Debug|Any CPU
		{42E7822B-8642-444F-9D93-7746EC427FCE}.Debug|Any CPU.Build.0 = Debug|Any CPU
		{42E7822B-8642-444F-9D93-7746EC427FCE}.Release|Any CPU.ActiveCfg = Release|Any CPU
		{42E7822B-8642-444F-9D93-7746EC427FCE}.Release|Any CPU.Build.0 = Release|Any CPU
		{14D372B9-69D3-479F-B719-D1DAADDB2096}.Debug|Any CPU.ActiveCfg = Debug|Any CPU
		{14D372B9-69D3-479F-B719-D1DAADDB2096}.Debug|Any CPU.Build.0 = Debug|Any CPU
		{14D372B9-69D3-479F-B719-D1DAADDB2096}.Release|Any CPU.ActiveCfg = Release|Any CPU
		{14D372B9-69D3-479F-B719-D1DAADDB2096}.Release|Any CPU.Build.0 = Release|Any CPU
		{2DE00B5F-ED65-4BDB-B32A-E04574F7CD4B}.Debug|Any CPU.ActiveCfg = Debug|Any CPU
		{2DE00B5F-ED65-4BDB-B32A-E04574F7CD4B}.Debug|Any CPU.Build.0 = Debug|Any CPU
		{2DE00B5F-ED65-4BDB-B32A-E04574F7CD4B}.Release|Any CPU.ActiveCfg = Release|Any CPU
		{2DE00B5F-ED65-4BDB-B32A-E04574F7CD4B}.Release|Any CPU.Build.0 = Release|Any CPU
		{7068FDEC-FD52-400E-88B0-F1FB25AA82A5}.Debug|Any CPU.ActiveCfg = Debug|Any CPU
		{7068FDEC-FD52-400E-88B0-F1FB25AA82A5}.Debug|Any CPU.Build.0 = Debug|Any CPU
		{7068FDEC-FD52-400E-88B0-F1FB25AA82A5}.Release|Any CPU.ActiveCfg = Release|Any CPU
		{7068FDEC-FD52-400E-88B0-F1FB25AA82A5}.Release|Any CPU.Build.0 = Release|Any CPU
		{603BA383-A123-4514-98E2-618C427DAAC6}.Debug|Any CPU.ActiveCfg = Debug|Any CPU
		{603BA383-A123-4514-98E2-618C427DAAC6}.Debug|Any CPU.Build.0 = Debug|Any CPU
		{603BA383-A123-4514-98E2-618C427DAAC6}.Release|Any CPU.ActiveCfg = Release|Any CPU
		{603BA383-A123-4514-98E2-618C427DAAC6}.Release|Any CPU.Build.0 = Release|Any CPU
		{7E828748-507C-4C28-9755-06F4CEC1FC01}.Debug|Any CPU.ActiveCfg = Debug|Any CPU
		{7E828748-507C-4C28-9755-06F4CEC1FC01}.Debug|Any CPU.Build.0 = Debug|Any CPU
		{7E828748-507C-4C28-9755-06F4CEC1FC01}.Release|Any CPU.ActiveCfg = Release|Any CPU
		{7E828748-507C-4C28-9755-06F4CEC1FC01}.Release|Any CPU.Build.0 = Release|Any CPU
		{B298EC0D-45FC-4586-A476-32C3D93DA8D6}.Debug|Any CPU.ActiveCfg = Debug|Any CPU
		{B298EC0D-45FC-4586-A476-32C3D93DA8D6}.Debug|Any CPU.Build.0 = Debug|Any CPU
		{B298EC0D-45FC-4586-A476-32C3D93DA8D6}.Release|Any CPU.ActiveCfg = Release|Any CPU
		{B298EC0D-45FC-4586-A476-32C3D93DA8D6}.Release|Any CPU.Build.0 = Release|Any CPU
		{F51299F5-4ADE-412C-A8DB-A830E3E3FBD7}.Debug|Any CPU.ActiveCfg = Debug|Any CPU
		{F51299F5-4ADE-412C-A8DB-A830E3E3FBD7}.Debug|Any CPU.Build.0 = Debug|Any CPU
		{F51299F5-4ADE-412C-A8DB-A830E3E3FBD7}.Release|Any CPU.ActiveCfg = Release|Any CPU
		{F51299F5-4ADE-412C-A8DB-A830E3E3FBD7}.Release|Any CPU.Build.0 = Release|Any CPU
		{AD949BB8-BD49-454A-8090-03F273D5F244}.Debug|Any CPU.ActiveCfg = Debug|Any CPU
		{AD949BB8-BD49-454A-8090-03F273D5F244}.Debug|Any CPU.Build.0 = Debug|Any CPU
		{AD949BB8-BD49-454A-8090-03F273D5F244}.Release|Any CPU.ActiveCfg = Release|Any CPU
		{AD949BB8-BD49-454A-8090-03F273D5F244}.Release|Any CPU.Build.0 = Release|Any CPU
		{C3D07B79-C17F-4F5F-9857-D115811F8D54}.Debug|Any CPU.ActiveCfg = Debug|Any CPU
		{C3D07B79-C17F-4F5F-9857-D115811F8D54}.Debug|Any CPU.Build.0 = Debug|Any CPU
		{C3D07B79-C17F-4F5F-9857-D115811F8D54}.Release|Any CPU.ActiveCfg = Release|Any CPU
		{C3D07B79-C17F-4F5F-9857-D115811F8D54}.Release|Any CPU.Build.0 = Release|Any CPU
		{51DDB0BE-2634-44C1-9A64-720FA2917744}.Debug|Any CPU.ActiveCfg = Debug|Any CPU
		{51DDB0BE-2634-44C1-9A64-720FA2917744}.Debug|Any CPU.Build.0 = Debug|Any CPU
		{51DDB0BE-2634-44C1-9A64-720FA2917744}.Release|Any CPU.ActiveCfg = Release|Any CPU
		{51DDB0BE-2634-44C1-9A64-720FA2917744}.Release|Any CPU.Build.0 = Release|Any CPU
		{6227F21D-0872-4205-AC67-0FA228986181}.Debug|Any CPU.ActiveCfg = Debug|Any CPU
		{6227F21D-0872-4205-AC67-0FA228986181}.Debug|Any CPU.Build.0 = Debug|Any CPU
		{6227F21D-0872-4205-AC67-0FA228986181}.Release|Any CPU.ActiveCfg = Release|Any CPU
		{6227F21D-0872-4205-AC67-0FA228986181}.Release|Any CPU.Build.0 = Release|Any CPU
		{D40EF801-CFB9-4C9F-91F9-8CF1FFD2E35F}.Debug|Any CPU.ActiveCfg = Debug|Any CPU
		{D40EF801-CFB9-4C9F-91F9-8CF1FFD2E35F}.Debug|Any CPU.Build.0 = Debug|Any CPU
		{D40EF801-CFB9-4C9F-91F9-8CF1FFD2E35F}.Release|Any CPU.ActiveCfg = Release|Any CPU
		{D40EF801-CFB9-4C9F-91F9-8CF1FFD2E35F}.Release|Any CPU.Build.0 = Release|Any CPU
		{1A913A2F-1C4E-4433-B1CE-3E6F900153B1}.Debug|Any CPU.ActiveCfg = Debug|Any CPU
		{1A913A2F-1C4E-4433-B1CE-3E6F900153B1}.Debug|Any CPU.Build.0 = Debug|Any CPU
		{1A913A2F-1C4E-4433-B1CE-3E6F900153B1}.Release|Any CPU.ActiveCfg = Release|Any CPU
		{1A913A2F-1C4E-4433-B1CE-3E6F900153B1}.Release|Any CPU.Build.0 = Release|Any CPU
		{D016FABA-F540-48DC-BA74-B8BA1D2226A2}.Debug|Any CPU.ActiveCfg = Debug|Any CPU
		{D016FABA-F540-48DC-BA74-B8BA1D2226A2}.Debug|Any CPU.Build.0 = Debug|Any CPU
		{D016FABA-F540-48DC-BA74-B8BA1D2226A2}.Release|Any CPU.ActiveCfg = Release|Any CPU
		{D016FABA-F540-48DC-BA74-B8BA1D2226A2}.Release|Any CPU.Build.0 = Release|Any CPU
		{3DB35BA6-AB37-4817-9484-CC50CAF8CF74}.Debug|Any CPU.ActiveCfg = Debug|Any CPU
		{3DB35BA6-AB37-4817-9484-CC50CAF8CF74}.Debug|Any CPU.Build.0 = Debug|Any CPU
		{3DB35BA6-AB37-4817-9484-CC50CAF8CF74}.Release|Any CPU.ActiveCfg = Release|Any CPU
		{3DB35BA6-AB37-4817-9484-CC50CAF8CF74}.Release|Any CPU.Build.0 = Release|Any CPU
		{D5C6D7F4-0454-465A-90C4-4C862AAC8DF5}.Debug|Any CPU.ActiveCfg = Debug|Any CPU
		{D5C6D7F4-0454-465A-90C4-4C862AAC8DF5}.Debug|Any CPU.Build.0 = Debug|Any CPU
		{D5C6D7F4-0454-465A-90C4-4C862AAC8DF5}.Release|Any CPU.ActiveCfg = Release|Any CPU
		{D5C6D7F4-0454-465A-90C4-4C862AAC8DF5}.Release|Any CPU.Build.0 = Release|Any CPU
		{4ECE9623-524C-4D6C-B72D-B43F709165D0}.Debug|Any CPU.ActiveCfg = Debug|Any CPU
		{4ECE9623-524C-4D6C-B72D-B43F709165D0}.Debug|Any CPU.Build.0 = Debug|Any CPU
		{4ECE9623-524C-4D6C-B72D-B43F709165D0}.Release|Any CPU.ActiveCfg = Release|Any CPU
		{4ECE9623-524C-4D6C-B72D-B43F709165D0}.Release|Any CPU.Build.0 = Release|Any CPU
		{8FB3D3B8-DC25-46F0-BF9A-58895B64787E}.Debug|Any CPU.ActiveCfg = Debug|Any CPU
		{8FB3D3B8-DC25-46F0-BF9A-58895B64787E}.Debug|Any CPU.Build.0 = Debug|Any CPU
		{8FB3D3B8-DC25-46F0-BF9A-58895B64787E}.Release|Any CPU.ActiveCfg = Release|Any CPU
		{8FB3D3B8-DC25-46F0-BF9A-58895B64787E}.Release|Any CPU.Build.0 = Release|Any CPU
		{F5E577CC-97E0-433D-9F84-D2090879BD07}.Debug|Any CPU.ActiveCfg = Debug|Any CPU
		{F5E577CC-97E0-433D-9F84-D2090879BD07}.Debug|Any CPU.Build.0 = Debug|Any CPU
		{F5E577CC-97E0-433D-9F84-D2090879BD07}.Release|Any CPU.ActiveCfg = Release|Any CPU
		{F5E577CC-97E0-433D-9F84-D2090879BD07}.Release|Any CPU.Build.0 = Release|Any CPU
		{B7844ED5-C72B-43B4-9796-46FEDA4AC8F7}.Debug|Any CPU.ActiveCfg = Debug|Any CPU
		{B7844ED5-C72B-43B4-9796-46FEDA4AC8F7}.Debug|Any CPU.Build.0 = Debug|Any CPU
		{B7844ED5-C72B-43B4-9796-46FEDA4AC8F7}.Release|Any CPU.ActiveCfg = Release|Any CPU
		{B7844ED5-C72B-43B4-9796-46FEDA4AC8F7}.Release|Any CPU.Build.0 = Release|Any CPU
		{DB9FAE28-6D5D-4F56-A985-427FCEC282AA}.Debug|Any CPU.ActiveCfg = Debug|Any CPU
		{DB9FAE28-6D5D-4F56-A985-427FCEC282AA}.Debug|Any CPU.Build.0 = Debug|Any CPU
		{DB9FAE28-6D5D-4F56-A985-427FCEC282AA}.Release|Any CPU.ActiveCfg = Release|Any CPU
		{DB9FAE28-6D5D-4F56-A985-427FCEC282AA}.Release|Any CPU.Build.0 = Release|Any CPU
		{1CC71D55-E172-4993-A7EC-65FE25C1CC69}.Debug|Any CPU.ActiveCfg = Debug|Any CPU
		{1CC71D55-E172-4993-A7EC-65FE25C1CC69}.Debug|Any CPU.Build.0 = Debug|Any CPU
		{1CC71D55-E172-4993-A7EC-65FE25C1CC69}.Release|Any CPU.ActiveCfg = Release|Any CPU
		{1CC71D55-E172-4993-A7EC-65FE25C1CC69}.Release|Any CPU.Build.0 = Release|Any CPU
		{B1CA3E4C-C004-44A8-BA22-2307FD6380B4}.Debug|Any CPU.ActiveCfg = Debug|Any CPU
		{B1CA3E4C-C004-44A8-BA22-2307FD6380B4}.Debug|Any CPU.Build.0 = Debug|Any CPU
		{B1CA3E4C-C004-44A8-BA22-2307FD6380B4}.Release|Any CPU.ActiveCfg = Release|Any CPU
		{B1CA3E4C-C004-44A8-BA22-2307FD6380B4}.Release|Any CPU.Build.0 = Release|Any CPU
		{DDCC15B9-7D48-48C2-89BC-D03AE68437D2}.Debug|Any CPU.ActiveCfg = Debug|Any CPU
		{DDCC15B9-7D48-48C2-89BC-D03AE68437D2}.Debug|Any CPU.Build.0 = Debug|Any CPU
		{DDCC15B9-7D48-48C2-89BC-D03AE68437D2}.Release|Any CPU.ActiveCfg = Release|Any CPU
		{DDCC15B9-7D48-48C2-89BC-D03AE68437D2}.Release|Any CPU.Build.0 = Release|Any CPU
		{552BCA95-4D26-43AD-BD88-0780DA76508F}.Debug|Any CPU.ActiveCfg = Debug|Any CPU
		{552BCA95-4D26-43AD-BD88-0780DA76508F}.Debug|Any CPU.Build.0 = Debug|Any CPU
		{552BCA95-4D26-43AD-BD88-0780DA76508F}.Release|Any CPU.ActiveCfg = Release|Any CPU
		{552BCA95-4D26-43AD-BD88-0780DA76508F}.Release|Any CPU.Build.0 = Release|Any CPU
		{E8B6E86E-F363-48EC-A1AD-E257E0677B95}.Debug|Any CPU.ActiveCfg = Debug|Any CPU
		{E8B6E86E-F363-48EC-A1AD-E257E0677B95}.Debug|Any CPU.Build.0 = Debug|Any CPU
		{E8B6E86E-F363-48EC-A1AD-E257E0677B95}.Release|Any CPU.ActiveCfg = Release|Any CPU
		{E8B6E86E-F363-48EC-A1AD-E257E0677B95}.Release|Any CPU.Build.0 = Release|Any CPU
		{C4F2ED14-0DC3-439D-BD4F-448624ED06E0}.Debug|Any CPU.ActiveCfg = Debug|Any CPU
		{C4F2ED14-0DC3-439D-BD4F-448624ED06E0}.Debug|Any CPU.Build.0 = Debug|Any CPU
		{C4F2ED14-0DC3-439D-BD4F-448624ED06E0}.Release|Any CPU.ActiveCfg = Release|Any CPU
		{C4F2ED14-0DC3-439D-BD4F-448624ED06E0}.Release|Any CPU.Build.0 = Release|Any CPU
		{15C8AAEA-42F2-4D97-9CCA-92196E599E0F}.Debug|Any CPU.ActiveCfg = Debug|Any CPU
		{15C8AAEA-42F2-4D97-9CCA-92196E599E0F}.Debug|Any CPU.Build.0 = Debug|Any CPU
		{15C8AAEA-42F2-4D97-9CCA-92196E599E0F}.Release|Any CPU.ActiveCfg = Release|Any CPU
		{15C8AAEA-42F2-4D97-9CCA-92196E599E0F}.Release|Any CPU.Build.0 = Release|Any CPU
		{0BFAAF9F-13AE-492F-8C87-C2ACF4D0CCBC}.Debug|Any CPU.ActiveCfg = Debug|Any CPU
		{0BFAAF9F-13AE-492F-8C87-C2ACF4D0CCBC}.Debug|Any CPU.Build.0 = Debug|Any CPU
		{0BFAAF9F-13AE-492F-8C87-C2ACF4D0CCBC}.Release|Any CPU.ActiveCfg = Release|Any CPU
		{0BFAAF9F-13AE-492F-8C87-C2ACF4D0CCBC}.Release|Any CPU.Build.0 = Release|Any CPU
		{E22765B0-57D0-49B9-9239-B8A60FA6FBC6}.Debug|Any CPU.ActiveCfg = Debug|Any CPU
		{E22765B0-57D0-49B9-9239-B8A60FA6FBC6}.Debug|Any CPU.Build.0 = Debug|Any CPU
		{E22765B0-57D0-49B9-9239-B8A60FA6FBC6}.Release|Any CPU.ActiveCfg = Release|Any CPU
		{E22765B0-57D0-49B9-9239-B8A60FA6FBC6}.Release|Any CPU.Build.0 = Release|Any CPU
		{4124D055-711B-489C-9FE4-B2868686B4EA}.Debug|Any CPU.ActiveCfg = Debug|Any CPU
		{4124D055-711B-489C-9FE4-B2868686B4EA}.Debug|Any CPU.Build.0 = Debug|Any CPU
		{4124D055-711B-489C-9FE4-B2868686B4EA}.Release|Any CPU.ActiveCfg = Release|Any CPU
		{4124D055-711B-489C-9FE4-B2868686B4EA}.Release|Any CPU.Build.0 = Release|Any CPU
		{CF65DB8B-F82A-403B-AF5D-E5E5ED88CE0C}.Debug|Any CPU.ActiveCfg = Debug|Any CPU
		{CF65DB8B-F82A-403B-AF5D-E5E5ED88CE0C}.Debug|Any CPU.Build.0 = Debug|Any CPU
		{CF65DB8B-F82A-403B-AF5D-E5E5ED88CE0C}.Release|Any CPU.ActiveCfg = Release|Any CPU
		{CF65DB8B-F82A-403B-AF5D-E5E5ED88CE0C}.Release|Any CPU.Build.0 = Release|Any CPU
		{D5F87F3E-221D-49B5-9805-1AE07353CEBD}.Debug|Any CPU.ActiveCfg = Debug|Any CPU
		{D5F87F3E-221D-49B5-9805-1AE07353CEBD}.Debug|Any CPU.Build.0 = Debug|Any CPU
		{D5F87F3E-221D-49B5-9805-1AE07353CEBD}.Release|Any CPU.ActiveCfg = Release|Any CPU
		{D5F87F3E-221D-49B5-9805-1AE07353CEBD}.Release|Any CPU.Build.0 = Release|Any CPU
		{D818545F-84F3-4E03-BCF7-8E154ADB54C2}.Debug|Any CPU.ActiveCfg = Debug|Any CPU
		{D818545F-84F3-4E03-BCF7-8E154ADB54C2}.Debug|Any CPU.Build.0 = Debug|Any CPU
		{D818545F-84F3-4E03-BCF7-8E154ADB54C2}.Release|Any CPU.ActiveCfg = Release|Any CPU
		{D818545F-84F3-4E03-BCF7-8E154ADB54C2}.Release|Any CPU.Build.0 = Release|Any CPU
		{95E1F371-AC97-4070-BDC8-546EAF4893D0}.Debug|Any CPU.ActiveCfg = Debug|Any CPU
		{95E1F371-AC97-4070-BDC8-546EAF4893D0}.Debug|Any CPU.Build.0 = Debug|Any CPU
		{95E1F371-AC97-4070-BDC8-546EAF4893D0}.Release|Any CPU.ActiveCfg = Release|Any CPU
		{95E1F371-AC97-4070-BDC8-546EAF4893D0}.Release|Any CPU.Build.0 = Release|Any CPU
		{0AC42B4C-144B-451F-AA3F-1AA2672F31EB}.Debug|Any CPU.ActiveCfg = Debug|Any CPU
		{0AC42B4C-144B-451F-AA3F-1AA2672F31EB}.Debug|Any CPU.Build.0 = Debug|Any CPU
		{0AC42B4C-144B-451F-AA3F-1AA2672F31EB}.Release|Any CPU.ActiveCfg = Release|Any CPU
		{0AC42B4C-144B-451F-AA3F-1AA2672F31EB}.Release|Any CPU.Build.0 = Release|Any CPU
		{9B5B04AA-B96E-49B0-8EDF-3FFCA0C1E33F}.Debug|Any CPU.ActiveCfg = Debug|Any CPU
		{9B5B04AA-B96E-49B0-8EDF-3FFCA0C1E33F}.Debug|Any CPU.Build.0 = Debug|Any CPU
		{9B5B04AA-B96E-49B0-8EDF-3FFCA0C1E33F}.Release|Any CPU.ActiveCfg = Release|Any CPU
		{9B5B04AA-B96E-49B0-8EDF-3FFCA0C1E33F}.Release|Any CPU.Build.0 = Release|Any CPU
		{D8B3D94C-23E0-42D9-A0E4-35178FE8A29A}.Debug|Any CPU.ActiveCfg = Debug|Any CPU
		{D8B3D94C-23E0-42D9-A0E4-35178FE8A29A}.Debug|Any CPU.Build.0 = Debug|Any CPU
		{D8B3D94C-23E0-42D9-A0E4-35178FE8A29A}.Release|Any CPU.ActiveCfg = Release|Any CPU
		{D8B3D94C-23E0-42D9-A0E4-35178FE8A29A}.Release|Any CPU.Build.0 = Release|Any CPU
		{2AB156F6-C0FA-4EBE-BF74-02A203242725}.Debug|Any CPU.ActiveCfg = Debug|Any CPU
		{2AB156F6-C0FA-4EBE-BF74-02A203242725}.Debug|Any CPU.Build.0 = Debug|Any CPU
		{2AB156F6-C0FA-4EBE-BF74-02A203242725}.Release|Any CPU.ActiveCfg = Release|Any CPU
		{2AB156F6-C0FA-4EBE-BF74-02A203242725}.Release|Any CPU.Build.0 = Release|Any CPU
		{92460711-8184-4339-8932-FA7675142A5B}.Debug|Any CPU.ActiveCfg = Debug|Any CPU
		{92460711-8184-4339-8932-FA7675142A5B}.Debug|Any CPU.Build.0 = Debug|Any CPU
		{92460711-8184-4339-8932-FA7675142A5B}.Release|Any CPU.ActiveCfg = Release|Any CPU
		{92460711-8184-4339-8932-FA7675142A5B}.Release|Any CPU.Build.0 = Release|Any CPU
		{F6823152-44A5-4811-8FCF-A31745CB6FDC}.Debug|Any CPU.ActiveCfg = Debug|Any CPU
		{F6823152-44A5-4811-8FCF-A31745CB6FDC}.Debug|Any CPU.Build.0 = Debug|Any CPU
		{F6823152-44A5-4811-8FCF-A31745CB6FDC}.Release|Any CPU.ActiveCfg = Release|Any CPU
		{F6823152-44A5-4811-8FCF-A31745CB6FDC}.Release|Any CPU.Build.0 = Release|Any CPU
		{A3DE636C-C308-47AA-BCEA-5686785337BD}.Debug|Any CPU.ActiveCfg = Debug|Any CPU
		{A3DE636C-C308-47AA-BCEA-5686785337BD}.Debug|Any CPU.Build.0 = Debug|Any CPU
		{A3DE636C-C308-47AA-BCEA-5686785337BD}.Release|Any CPU.ActiveCfg = Release|Any CPU
		{A3DE636C-C308-47AA-BCEA-5686785337BD}.Release|Any CPU.Build.0 = Release|Any CPU
		{9D668104-0C56-4F58-AB62-F0277B8658B1}.Debug|Any CPU.ActiveCfg = Debug|Any CPU
		{9D668104-0C56-4F58-AB62-F0277B8658B1}.Debug|Any CPU.Build.0 = Debug|Any CPU
		{9D668104-0C56-4F58-AB62-F0277B8658B1}.Release|Any CPU.ActiveCfg = Release|Any CPU
		{9D668104-0C56-4F58-AB62-F0277B8658B1}.Release|Any CPU.Build.0 = Release|Any CPU
		{CE67D3B3-2A35-483D-980C-10F2EFE27281}.Debug|Any CPU.ActiveCfg = Debug|Any CPU
		{CE67D3B3-2A35-483D-980C-10F2EFE27281}.Debug|Any CPU.Build.0 = Debug|Any CPU
		{CE67D3B3-2A35-483D-980C-10F2EFE27281}.Release|Any CPU.ActiveCfg = Release|Any CPU
		{CE67D3B3-2A35-483D-980C-10F2EFE27281}.Release|Any CPU.Build.0 = Release|Any CPU
		{33334273-8A2B-4F5D-8B17-56DA71962600}.Debug|Any CPU.ActiveCfg = Debug|Any CPU
		{33334273-8A2B-4F5D-8B17-56DA71962600}.Debug|Any CPU.Build.0 = Debug|Any CPU
		{33334273-8A2B-4F5D-8B17-56DA71962600}.Release|Any CPU.ActiveCfg = Release|Any CPU
		{33334273-8A2B-4F5D-8B17-56DA71962600}.Release|Any CPU.Build.0 = Release|Any CPU
		{EC71B536-23D2-4DDC-A3B2-0D0C47AFD176}.Debug|Any CPU.ActiveCfg = Debug|Any CPU
		{EC71B536-23D2-4DDC-A3B2-0D0C47AFD176}.Debug|Any CPU.Build.0 = Debug|Any CPU
		{EC71B536-23D2-4DDC-A3B2-0D0C47AFD176}.Release|Any CPU.ActiveCfg = Release|Any CPU
		{EC71B536-23D2-4DDC-A3B2-0D0C47AFD176}.Release|Any CPU.Build.0 = Release|Any CPU
		{7285B457-420D-4250-929B-D36D1AF369BE}.Debug|Any CPU.ActiveCfg = Debug|Any CPU
		{7285B457-420D-4250-929B-D36D1AF369BE}.Debug|Any CPU.Build.0 = Debug|Any CPU
		{7285B457-420D-4250-929B-D36D1AF369BE}.Release|Any CPU.ActiveCfg = Release|Any CPU
		{7285B457-420D-4250-929B-D36D1AF369BE}.Release|Any CPU.Build.0 = Release|Any CPU
		{4D46DB08-5673-4DB3-AC60-43B56288A1D4}.Debug|Any CPU.ActiveCfg = Debug|Any CPU
		{4D46DB08-5673-4DB3-AC60-43B56288A1D4}.Debug|Any CPU.Build.0 = Debug|Any CPU
		{4D46DB08-5673-4DB3-AC60-43B56288A1D4}.Release|Any CPU.ActiveCfg = Release|Any CPU
		{4D46DB08-5673-4DB3-AC60-43B56288A1D4}.Release|Any CPU.Build.0 = Release|Any CPU
		{AEE36935-B30D-4159-9638-89F55D434FEB}.Debug|Any CPU.ActiveCfg = Debug|Any CPU
		{AEE36935-B30D-4159-9638-89F55D434FEB}.Debug|Any CPU.Build.0 = Debug|Any CPU
		{AEE36935-B30D-4159-9638-89F55D434FEB}.Release|Any CPU.ActiveCfg = Release|Any CPU
		{AEE36935-B30D-4159-9638-89F55D434FEB}.Release|Any CPU.Build.0 = Release|Any CPU
		{8EAD4A74-E5A3-4997-9B89-B49AB57389B4}.Debug|Any CPU.ActiveCfg = Debug|Any CPU
		{8EAD4A74-E5A3-4997-9B89-B49AB57389B4}.Debug|Any CPU.Build.0 = Debug|Any CPU
		{8EAD4A74-E5A3-4997-9B89-B49AB57389B4}.Release|Any CPU.ActiveCfg = Release|Any CPU
		{8EAD4A74-E5A3-4997-9B89-B49AB57389B4}.Release|Any CPU.Build.0 = Release|Any CPU
		{A81525F5-1F3E-431D-9E0E-226E9A85CE25}.Debug|Any CPU.ActiveCfg = Debug|Any CPU
		{A81525F5-1F3E-431D-9E0E-226E9A85CE25}.Debug|Any CPU.Build.0 = Debug|Any CPU
		{A81525F5-1F3E-431D-9E0E-226E9A85CE25}.Release|Any CPU.ActiveCfg = Release|Any CPU
		{A81525F5-1F3E-431D-9E0E-226E9A85CE25}.Release|Any CPU.Build.0 = Release|Any CPU
		{60D62794-8776-429C-9C57-218FC39EC2E5}.Debug|Any CPU.ActiveCfg = Debug|Any CPU
		{60D62794-8776-429C-9C57-218FC39EC2E5}.Debug|Any CPU.Build.0 = Debug|Any CPU
		{60D62794-8776-429C-9C57-218FC39EC2E5}.Release|Any CPU.ActiveCfg = Release|Any CPU
		{60D62794-8776-429C-9C57-218FC39EC2E5}.Release|Any CPU.Build.0 = Release|Any CPU
	EndGlobalSection
	GlobalSection(SolutionProperties) = preSolution
		HideSolutionNode = FALSE
	EndGlobalSection
	GlobalSection(NestedProjects) = preSolution
		{A5585EAB-EEDE-4522-9020-D5D4188C5116} = {4612DD8C-94B5-4071-9EA8-E5CF32CA3F2E}
		{A7E657A5-7E8E-467E-AD80-83385B616A5B} = {64982AE3-2E20-41CB-A4C3-860319DE7AF2}
		{AA2800F1-E3D2-4304-977C-EE675D09CF5F} = {8BC1D906-C24A-44AB-A459-1AC87F1958FF}
		{BF987199-5116-4743-9518-A2BAE9B8D3E3} = {8BC1D906-C24A-44AB-A459-1AC87F1958FF}
		{50291567-F4A8-47FB-A97A-E6FA0DB5CDDD} = {6F9DC3B6-8B14-4B08-B2CA-E9F2D4683834}
		{08F14ACE-ABEA-47C8-B015-14ACD1581226} = {6F9DC3B6-8B14-4B08-B2CA-E9F2D4683834}
		{A89671CA-170C-4187-B552-EF8A2F27BBF4} = {0825E145-1B10-4B70-A440-A84232C3FA6A}
		{3AC60A19-A685-482D-8929-830DC1F894C6} = {0825E145-1B10-4B70-A440-A84232C3FA6A}
		{6024259F-BE3F-4DD4-837B-75035F1C3E0B} = {E5C293CB-54E1-4021-8D0F-D49E74CC2C63}
		{D7AB200A-8375-4C81-97AF-2732903853CB} = {E5C293CB-54E1-4021-8D0F-D49E74CC2C63}
		{E5C293CB-54E1-4021-8D0F-D49E74CC2C63} = {5CFD459B-6597-4995-875F-7A69D6A080C8}
		{4612DD8C-94B5-4071-9EA8-E5CF32CA3F2E} = {5CFD459B-6597-4995-875F-7A69D6A080C8}
		{64982AE3-2E20-41CB-A4C3-860319DE7AF2} = {5CFD459B-6597-4995-875F-7A69D6A080C8}
		{8BC1D906-C24A-44AB-A459-1AC87F1958FF} = {5CFD459B-6597-4995-875F-7A69D6A080C8}
		{6F9DC3B6-8B14-4B08-B2CA-E9F2D4683834} = {5CFD459B-6597-4995-875F-7A69D6A080C8}
		{0825E145-1B10-4B70-A440-A84232C3FA6A} = {5CFD459B-6597-4995-875F-7A69D6A080C8}
		{1183BA75-8B81-4D87-973C-1C99C171D11E} = {F3564435-BF01-420A-9AB9-8717A75DDC4A}
		{F8623A4D-A4B9-4E1F-9C6A-2FEA9E9B0F6E} = {1183BA75-8B81-4D87-973C-1C99C171D11E}
		{031EFE07-1D6C-4795-8648-0201C2FFF389} = {1183BA75-8B81-4D87-973C-1C99C171D11E}
		{A1E4FF30-7C5E-4118-B15D-76D1D1C62C24} = {F3564435-BF01-420A-9AB9-8717A75DDC4A}
		{4C2C580F-038E-44B6-B7A2-C6FD462CBCB9} = {A1E4FF30-7C5E-4118-B15D-76D1D1C62C24}
		{13F40126-8894-4EB6-AF25-6289CA195E7C} = {A1E4FF30-7C5E-4118-B15D-76D1D1C62C24}
		{4B5C453E-77EE-4424-8701-6253689F0F10} = {F3564435-BF01-420A-9AB9-8717A75DDC4A}
		{5EC033D8-FC53-4D48-B91F-E2D418EA9479} = {4B5C453E-77EE-4424-8701-6253689F0F10}
		{EDAADC9A-51BC-4BB2-9A2B-AC56E25FAF60} = {4B5C453E-77EE-4424-8701-6253689F0F10}
		{4AC02B76-6F6C-4C77-AE23-BF335143E794} = {F3564435-BF01-420A-9AB9-8717A75DDC4A}
		{92552226-DA86-462D-A7D9-550850CFFDE2} = {4AC02B76-6F6C-4C77-AE23-BF335143E794}
		{D6EEE48E-7B2D-4497-B2B5-454820EE0A7C} = {4AC02B76-6F6C-4C77-AE23-BF335143E794}
		{786A1390-4771-4FB1-854A-561ABCF22FC9} = {F3564435-BF01-420A-9AB9-8717A75DDC4A}
		{B8379B45-13E5-42AE-84AC-01BF1EE2ADA1} = {786A1390-4771-4FB1-854A-561ABCF22FC9}
		{C8F730BD-D0D3-4B19-9952-A04EE8EFAB04} = {786A1390-4771-4FB1-854A-561ABCF22FC9}
		{F01DF1BE-517C-4CEA-9984-DB9CECC5E503} = {F3564435-BF01-420A-9AB9-8717A75DDC4A}
		{19532865-FBB9-40F9-BBB7-50A8BCF87705} = {F01DF1BE-517C-4CEA-9984-DB9CECC5E503}
		{18D68ACF-0265-4D96-B9EB-1386E249A4B5} = {F01DF1BE-517C-4CEA-9984-DB9CECC5E503}
		{CECB16D4-933A-49A6-B5DA-3FC8827CD35A} = {F3564435-BF01-420A-9AB9-8717A75DDC4A}
		{3B565A7D-0C08-4B28-98E6-1000B5A604D8} = {CECB16D4-933A-49A6-B5DA-3FC8827CD35A}
		{325A5981-F893-4A05-9944-26BC24571280} = {CECB16D4-933A-49A6-B5DA-3FC8827CD35A}
		{7EE36B69-0F90-457B-9636-490C3E2DD496} = {F3564435-BF01-420A-9AB9-8717A75DDC4A}
		{DF8CDF51-2E9C-4EC1-8FCB-6771E3A6D460} = {7EE36B69-0F90-457B-9636-490C3E2DD496}
		{358F5153-F81B-4D9B-BBB2-47D4681E3F8E} = {7EE36B69-0F90-457B-9636-490C3E2DD496}
		{64FB879C-77D1-419C-8E55-A81170D417AF} = {F3564435-BF01-420A-9AB9-8717A75DDC4A}
		{D068BC01-E00E-4F83-8A11-35C0A78CF7D4} = {64FB879C-77D1-419C-8E55-A81170D417AF}
		{E1EB0868-AEB6-4D06-8170-88AA5DEF35BF} = {64FB879C-77D1-419C-8E55-A81170D417AF}
		{0F2BD6ED-5EEE-4F91-BDF7-DD47937C223B} = {F3564435-BF01-420A-9AB9-8717A75DDC4A}
		{21666EF3-909D-49EA-BF73-AEA6A9CAA2C8} = {0F2BD6ED-5EEE-4F91-BDF7-DD47937C223B}
		{BB1A7DED-9153-4835-8630-7F5FD765E882} = {0F2BD6ED-5EEE-4F91-BDF7-DD47937C223B}
		{C4131E0A-D39D-4C5A-A3A0-9F3206CC35CA} = {F3564435-BF01-420A-9AB9-8717A75DDC4A}
		{A6CB3CA6-03C6-40E7-B10C-AE3594116280} = {C4131E0A-D39D-4C5A-A3A0-9F3206CC35CA}
		{1E4AF29A-C0CA-47C3-86C3-E645CD855C0E} = {C4131E0A-D39D-4C5A-A3A0-9F3206CC35CA}
		{F4362827-C1DA-448C-9665-7E49289B2AD6} = {F3564435-BF01-420A-9AB9-8717A75DDC4A}
		{6B58CFDA-0628-4FD8-BDDC-CBC704F496D7} = {F4362827-C1DA-448C-9665-7E49289B2AD6}
		{0693C4D5-58A4-4B6F-B8C1-2D3667A5854B} = {F4362827-C1DA-448C-9665-7E49289B2AD6}
		{ABF5D00D-29B7-43D2-85B7-C2BAA249CAE7} = {F5368757-E9CC-48EF-AAA3-51355714C6F3}
		{F785A2ED-6376-4176-9735-9D2C2C5881B9} = {ABF5D00D-29B7-43D2-85B7-C2BAA249CAE7}
		{25D0E5EA-3684-4684-BD42-1D4AEB512921} = {F5368757-E9CC-48EF-AAA3-51355714C6F3}
		{6FC86CE1-9E07-48A0-AC2E-ECA2FCD94EA8} = {25D0E5EA-3684-4684-BD42-1D4AEB512921}
		{6A96B08C-BDB4-4749-BBFB-889AF1ACA087} = {25D0E5EA-3684-4684-BD42-1D4AEB512921}
		{B23BCF27-C374-4219-BD7A-9E7297F13DCA} = {F5368757-E9CC-48EF-AAA3-51355714C6F3}
		{0A2798CC-6946-4774-9498-1E257FC197D1} = {B23BCF27-C374-4219-BD7A-9E7297F13DCA}
		{27044505-161F-452B-B88E-F57666FCF4B9} = {B23BCF27-C374-4219-BD7A-9E7297F13DCA}
		{9C1234EC-25CA-43DD-B457-C7254A492CF6} = {F5368757-E9CC-48EF-AAA3-51355714C6F3}
		{AF36C531-E93F-4121-974C-E22FE873E2FC} = {9C1234EC-25CA-43DD-B457-C7254A492CF6}
		{C279D54A-B736-4539-BBBD-F32E570BC7A0} = {9C1234EC-25CA-43DD-B457-C7254A492CF6}
		{ABAC4463-4BC1-486B-B36B-63F0F2023829} = {F5368757-E9CC-48EF-AAA3-51355714C6F3}
		{C3EE87FE-CEE6-4367-A5FB-9F9CFD55F365} = {ABAC4463-4BC1-486B-B36B-63F0F2023829}
		{54BAF406-78AD-46FF-90F9-D9B02CD18648} = {ABAC4463-4BC1-486B-B36B-63F0F2023829}
		{1DD8D5A6-6598-4E24-BA8E-90A1E6D3F880} = {1A958B47-DFFE-4EE7-BA90-7B6BEE9E75F0}
		{42E7822B-8642-444F-9D93-7746EC427FCE} = {1DD8D5A6-6598-4E24-BA8E-90A1E6D3F880}
		{14D372B9-69D3-479F-B719-D1DAADDB2096} = {1DD8D5A6-6598-4E24-BA8E-90A1E6D3F880}
		{4D1423AB-9EA3-488C-9D00-92A19452D1EF} = {1A958B47-DFFE-4EE7-BA90-7B6BEE9E75F0}
		{2DE00B5F-ED65-4BDB-B32A-E04574F7CD4B} = {4D1423AB-9EA3-488C-9D00-92A19452D1EF}
		{7068FDEC-FD52-400E-88B0-F1FB25AA82A5} = {4D1423AB-9EA3-488C-9D00-92A19452D1EF}
		{D20C8A29-D635-4CF4-A04A-D8974A73E336} = {1A958B47-DFFE-4EE7-BA90-7B6BEE9E75F0}
		{603BA383-A123-4514-98E2-618C427DAAC6} = {D20C8A29-D635-4CF4-A04A-D8974A73E336}
		{7E828748-507C-4C28-9755-06F4CEC1FC01} = {D20C8A29-D635-4CF4-A04A-D8974A73E336}
		{F5269BA4-5A59-40E1-9D52-EC2457BC2192} = {1A958B47-DFFE-4EE7-BA90-7B6BEE9E75F0}
		{B298EC0D-45FC-4586-A476-32C3D93DA8D6} = {F5269BA4-5A59-40E1-9D52-EC2457BC2192}
		{F51299F5-4ADE-412C-A8DB-A830E3E3FBD7} = {F5269BA4-5A59-40E1-9D52-EC2457BC2192}
		{210A5477-E28B-4D39-B7CD-FF2CCCC3B631} = {508B25B0-4BFE-4913-975F-FB4E4D3E8C13}
		{AD949BB8-BD49-454A-8090-03F273D5F244} = {210A5477-E28B-4D39-B7CD-FF2CCCC3B631}
		{C3D07B79-C17F-4F5F-9857-D115811F8D54} = {210A5477-E28B-4D39-B7CD-FF2CCCC3B631}
		{657A1F7B-F5BE-47FF-BF1F-ACE1E985BBBC} = {508B25B0-4BFE-4913-975F-FB4E4D3E8C13}
		{51DDB0BE-2634-44C1-9A64-720FA2917744} = {657A1F7B-F5BE-47FF-BF1F-ACE1E985BBBC}
		{6227F21D-0872-4205-AC67-0FA228986181} = {657A1F7B-F5BE-47FF-BF1F-ACE1E985BBBC}
		{CA5C1C19-32B4-4F42-B40D-CA46F97AE839} = {508B25B0-4BFE-4913-975F-FB4E4D3E8C13}
		{D40EF801-CFB9-4C9F-91F9-8CF1FFD2E35F} = {CA5C1C19-32B4-4F42-B40D-CA46F97AE839}
		{1A913A2F-1C4E-4433-B1CE-3E6F900153B1} = {CA5C1C19-32B4-4F42-B40D-CA46F97AE839}
		{5C98DD57-0ADD-4064-AEA3-017094EFF42A} = {7322A07B-B9A5-40C8-8DAA-FBCF5E3D600A}
		{D016FABA-F540-48DC-BA74-B8BA1D2226A2} = {5C98DD57-0ADD-4064-AEA3-017094EFF42A}
		{3DB35BA6-AB37-4817-9484-CC50CAF8CF74} = {5C98DD57-0ADD-4064-AEA3-017094EFF42A}
		{B86B07B9-90B2-415F-9415-67B2E08F1AC3} = {7322A07B-B9A5-40C8-8DAA-FBCF5E3D600A}
		{D5C6D7F4-0454-465A-90C4-4C862AAC8DF5} = {B86B07B9-90B2-415F-9415-67B2E08F1AC3}
		{4ECE9623-524C-4D6C-B72D-B43F709165D0} = {B86B07B9-90B2-415F-9415-67B2E08F1AC3}
		{AFB13948-DC6D-4D86-9717-AC8AA1112F50} = {7322A07B-B9A5-40C8-8DAA-FBCF5E3D600A}
		{8FB3D3B8-DC25-46F0-BF9A-58895B64787E} = {AFB13948-DC6D-4D86-9717-AC8AA1112F50}
		{F5E577CC-97E0-433D-9F84-D2090879BD07} = {AFB13948-DC6D-4D86-9717-AC8AA1112F50}
		{44B9CF89-43C7-4699-A89F-7F653627FB18} = {7322A07B-B9A5-40C8-8DAA-FBCF5E3D600A}
		{B7844ED5-C72B-43B4-9796-46FEDA4AC8F7} = {44B9CF89-43C7-4699-A89F-7F653627FB18}
		{DB9FAE28-6D5D-4F56-A985-427FCEC282AA} = {44B9CF89-43C7-4699-A89F-7F653627FB18}
		{3426DB66-9FAB-479D-A62D-92E7893D7814} = {7322A07B-B9A5-40C8-8DAA-FBCF5E3D600A}
		{1CC71D55-E172-4993-A7EC-65FE25C1CC69} = {3426DB66-9FAB-479D-A62D-92E7893D7814}
		{B1CA3E4C-C004-44A8-BA22-2307FD6380B4} = {3426DB66-9FAB-479D-A62D-92E7893D7814}
		{FBD00E59-34A7-4C17-994B-AD6F81FBD971} = {192EE6A8-F31B-4165-A71D-FFA055BF7DC1}
		{DDCC15B9-7D48-48C2-89BC-D03AE68437D2} = {FBD00E59-34A7-4C17-994B-AD6F81FBD971}
		{32AA5902-2F48-424E-86CB-A8164A59DA3B} = {192EE6A8-F31B-4165-A71D-FFA055BF7DC1}
		{552BCA95-4D26-43AD-BD88-0780DA76508F} = {32AA5902-2F48-424E-86CB-A8164A59DA3B}
		{E8B6E86E-F363-48EC-A1AD-E257E0677B95} = {32AA5902-2F48-424E-86CB-A8164A59DA3B}
		{389C1745-E645-476F-B617-F8D1793F5C83} = {192EE6A8-F31B-4165-A71D-FFA055BF7DC1}
		{C4F2ED14-0DC3-439D-BD4F-448624ED06E0} = {389C1745-E645-476F-B617-F8D1793F5C83}
		{15C8AAEA-42F2-4D97-9CCA-92196E599E0F} = {389C1745-E645-476F-B617-F8D1793F5C83}
		{1782C3D9-AB0A-4D36-A21B-33C708DD3456} = {192EE6A8-F31B-4165-A71D-FFA055BF7DC1}
		{0BFAAF9F-13AE-492F-8C87-C2ACF4D0CCBC} = {1782C3D9-AB0A-4D36-A21B-33C708DD3456}
		{E22765B0-57D0-49B9-9239-B8A60FA6FBC6} = {1782C3D9-AB0A-4D36-A21B-33C708DD3456}
		{986F959C-0E31-4B82-B19F-4F66B694E02C} = {192EE6A8-F31B-4165-A71D-FFA055BF7DC1}
		{4124D055-711B-489C-9FE4-B2868686B4EA} = {986F959C-0E31-4B82-B19F-4F66B694E02C}
		{CF65DB8B-F82A-403B-AF5D-E5E5ED88CE0C} = {986F959C-0E31-4B82-B19F-4F66B694E02C}
		{8DA79DEF-48C9-41D8-934B-3CF3F3EEC127} = {192EE6A8-F31B-4165-A71D-FFA055BF7DC1}
		{D5F87F3E-221D-49B5-9805-1AE07353CEBD} = {8DA79DEF-48C9-41D8-934B-3CF3F3EEC127}
		{D818545F-84F3-4E03-BCF7-8E154ADB54C2} = {8DA79DEF-48C9-41D8-934B-3CF3F3EEC127}
		{0A82EC11-C202-49F2-A182-AAAA009A78E0} = {192EE6A8-F31B-4165-A71D-FFA055BF7DC1}
		{95E1F371-AC97-4070-BDC8-546EAF4893D0} = {0A82EC11-C202-49F2-A182-AAAA009A78E0}
		{0AC42B4C-144B-451F-AA3F-1AA2672F31EB} = {0A82EC11-C202-49F2-A182-AAAA009A78E0}
		{E95DE94F-509E-4F03-86B7-737E42CE17C8} = {192EE6A8-F31B-4165-A71D-FFA055BF7DC1}
		{9B5B04AA-B96E-49B0-8EDF-3FFCA0C1E33F} = {E95DE94F-509E-4F03-86B7-737E42CE17C8}
		{D8B3D94C-23E0-42D9-A0E4-35178FE8A29A} = {E95DE94F-509E-4F03-86B7-737E42CE17C8}
		{AC5DA046-FF11-4663-9E98-5D0B5E6A3436} = {192EE6A8-F31B-4165-A71D-FFA055BF7DC1}
		{2AB156F6-C0FA-4EBE-BF74-02A203242725} = {AC5DA046-FF11-4663-9E98-5D0B5E6A3436}
		{92460711-8184-4339-8932-FA7675142A5B} = {AC5DA046-FF11-4663-9E98-5D0B5E6A3436}
		{B8E61B79-D55F-418E-A556-0354937237CF} = {192EE6A8-F31B-4165-A71D-FFA055BF7DC1}
		{F6823152-44A5-4811-8FCF-A31745CB6FDC} = {B8E61B79-D55F-418E-A556-0354937237CF}
		{A3DE636C-C308-47AA-BCEA-5686785337BD} = {B8E61B79-D55F-418E-A556-0354937237CF}
		{99CD3FAB-F25D-4D33-9E1B-212C3EBF4256} = {51239DB6-EB13-4B48-A88C-2D8E383A6B31}
		{9D668104-0C56-4F58-AB62-F0277B8658B1} = {99CD3FAB-F25D-4D33-9E1B-212C3EBF4256}
		{CE67D3B3-2A35-483D-980C-10F2EFE27281} = {99CD3FAB-F25D-4D33-9E1B-212C3EBF4256}
		{50D2BF61-44F9-4013-88CB-294DFB1FBE61} = {51239DB6-EB13-4B48-A88C-2D8E383A6B31}
		{33334273-8A2B-4F5D-8B17-56DA71962600} = {50D2BF61-44F9-4013-88CB-294DFB1FBE61}
		{EC71B536-23D2-4DDC-A3B2-0D0C47AFD176} = {50D2BF61-44F9-4013-88CB-294DFB1FBE61}
		{D0DC06A7-B423-4F79-AB0B-9DBF05061A91} = {51239DB6-EB13-4B48-A88C-2D8E383A6B31}
		{7285B457-420D-4250-929B-D36D1AF369BE} = {D0DC06A7-B423-4F79-AB0B-9DBF05061A91}
		{4D46DB08-5673-4DB3-AC60-43B56288A1D4} = {D0DC06A7-B423-4F79-AB0B-9DBF05061A91}
		{49F38359-BCEC-4D81-92BF-8FE036534599} = {51239DB6-EB13-4B48-A88C-2D8E383A6B31}
		{AEE36935-B30D-4159-9638-89F55D434FEB} = {49F38359-BCEC-4D81-92BF-8FE036534599}
		{8EAD4A74-E5A3-4997-9B89-B49AB57389B4} = {49F38359-BCEC-4D81-92BF-8FE036534599}
		{35E3AFC2-1DE9-4E40-8C0F-B847D3349D08} = {51239DB6-EB13-4B48-A88C-2D8E383A6B31}
		{A81525F5-1F3E-431D-9E0E-226E9A85CE25} = {35E3AFC2-1DE9-4E40-8C0F-B847D3349D08}
		{60D62794-8776-429C-9C57-218FC39EC2E5} = {35E3AFC2-1DE9-4E40-8C0F-B847D3349D08}
	EndGlobalSection
	GlobalSection(ExtensibilityGlobals) = postSolution
		SolutionGuid = {575EE772-130A-4204-A60B-3CAAD475A1AF}
	EndGlobalSection
EndGlobal
