
Microsoft Visual Studio Solution File, Format Version 12.00
# Visual Studio Version 16
VisualStudioVersion = 16.0.30114.105
MinimumVisualStudioVersion = 10.0.40219.1
Project("{9A19103F-16F7-4668-BE54-9A1E7A4F7556}") = "LojaVirtual", "Cap2\2.2.001\LojaVirtual\LojaVirtual.csproj", "{A5585EAB-EEDE-4522-9020-D5D4188C5116}"
EndProject
Project("{9A19103F-16F7-4668-BE54-9A1E7A4F7556}") = "LojaVirtual", "Cap2\2.3.002\LojaVirtual\LojaVirtual.csproj", "{A7E657A5-7E8E-467E-AD80-83385B616A5B}"
EndProject
Project("{9A19103F-16F7-4668-BE54-9A1E7A4F7556}") = "LojaVirtual", "Cap2\2.3.003\LojaVirtual\LojaVirtual.csproj", "{AA2800F1-E3D2-4304-977C-EE675D09CF5F}"
EndProject
Project("{9A19103F-16F7-4668-BE54-9A1E7A4F7556}") = "LojaVirtual.Tests", "Cap2\2.3.003\LojaVirtual.Tests\LojaVirtual.Tests.csproj", "{BF987199-5116-4743-9518-A2BAE9B8D3E3}"
EndProject
Project("{9A19103F-16F7-4668-BE54-9A1E7A4F7556}") = "LojaVirtual", "Cap2\2.3.004\LojaVirtual\LojaVirtual.csproj", "{50291567-F4A8-47FB-A97A-E6FA0DB5CDDD}"
EndProject
Project("{9A19103F-16F7-4668-BE54-9A1E7A4F7556}") = "LojaVirtual.Tests", "Cap2\2.3.004\LojaVirtual.Tests\LojaVirtual.Tests.csproj", "{08F14ACE-ABEA-47C8-B015-14ACD1581226}"
EndProject
Project("{9A19103F-16F7-4668-BE54-9A1E7A4F7556}") = "LojaVirtual", "Cap2\2.4.005\LojaVirtual\LojaVirtual.csproj", "{A89671CA-170C-4187-B552-EF8A2F27BBF4}"
EndProject
Project("{9A19103F-16F7-4668-BE54-9A1E7A4F7556}") = "LojaVirtual.Tests", "Cap2\2.4.005\LojaVirtual.Tests\LojaVirtual.Tests.csproj", "{3AC60A19-A685-482D-8929-830DC1F894C6}"
EndProject
Project("{9A19103F-16F7-4668-BE54-9A1E7A4F7556}") = "LojaVirtual", "Cap2\2.4.006\LojaVirtual\LojaVirtual.csproj", "{6024259F-BE3F-4DD4-837B-75035F1C3E0B}"
EndProject
Project("{9A19103F-16F7-4668-BE54-9A1E7A4F7556}") = "LojaVirtual.Tests", "Cap2\2.4.006\LojaVirtual.Tests\LojaVirtual.Tests.csproj", "{D7AB200A-8375-4C81-97AF-2732903853CB}"
EndProject
Project("{2150E333-8FDC-42A3-9474-1A3956D46DE8}") = "Cap2", "Cap2", "{5CFD459B-6597-4995-875F-7A69D6A080C8}"
EndProject
Project("{2150E333-8FDC-42A3-9474-1A3956D46DE8}") = "2.4.006", "2.4.006", "{E5C293CB-54E1-4021-8D0F-D49E74CC2C63}"
EndProject
Project("{2150E333-8FDC-42A3-9474-1A3956D46DE8}") = "2.2.001", "2.2.001", "{4612DD8C-94B5-4071-9EA8-E5CF32CA3F2E}"
EndProject
Project("{2150E333-8FDC-42A3-9474-1A3956D46DE8}") = "2.3.002", "2.3.002", "{64982AE3-2E20-41CB-A4C3-860319DE7AF2}"
EndProject
Project("{2150E333-8FDC-42A3-9474-1A3956D46DE8}") = "2.3.003", "2.3.003", "{8BC1D906-C24A-44AB-A459-1AC87F1958FF}"
EndProject
Project("{2150E333-8FDC-42A3-9474-1A3956D46DE8}") = "2.3.004", "2.3.004", "{6F9DC3B6-8B14-4B08-B2CA-E9F2D4683834}"
EndProject
Project("{2150E333-8FDC-42A3-9474-1A3956D46DE8}") = "2.4.005", "2.4.005", "{0825E145-1B10-4B70-A440-A84232C3FA6A}"
EndProject
Project("{2150E333-8FDC-42A3-9474-1A3956D46DE8}") = "Cap3", "Cap3", "{F3564435-BF01-420A-9AB9-8717A75DDC4A}"
EndProject
Project("{2150E333-8FDC-42A3-9474-1A3956D46DE8}") = "3.2.007", "3.2.007", "{1183BA75-8B81-4D87-973C-1C99C171D11E}"
EndProject
Project("{9A19103F-16F7-4668-BE54-9A1E7A4F7556}") = "NumerosRomanos", "Cap3\3.2.007\NumerosRomanos\NumerosRomanos.csproj", "{F8623A4D-A4B9-4E1F-9C6A-2FEA9E9B0F6E}"
EndProject
Project("{9A19103F-16F7-4668-BE54-9A1E7A4F7556}") = "NumerosRomanos.Tests", "Cap3\3.2.007\NumerosRomanos.Tests\NumerosRomanos.Tests.csproj", "{031EFE07-1D6C-4795-8648-0201C2FFF389}"
EndProject
Project("{2150E333-8FDC-42A3-9474-1A3956D46DE8}") = "3.2.008", "3.2.008", "{A1E4FF30-7C5E-4118-B15D-76D1D1C62C24}"
EndProject
Project("{9A19103F-16F7-4668-BE54-9A1E7A4F7556}") = "NumerosRomanos", "Cap3\3.2.008\NumerosRomanos\NumerosRomanos.csproj", "{4C2C580F-038E-44B6-B7A2-C6FD462CBCB9}"
EndProject
Project("{9A19103F-16F7-4668-BE54-9A1E7A4F7556}") = "NumerosRomanos.Tests", "Cap3\3.2.008\NumerosRomanos.Tests\NumerosRomanos.Tests.csproj", "{13F40126-8894-4EB6-AF25-6289CA195E7C}"
EndProject
Project("{2150E333-8FDC-42A3-9474-1A3956D46DE8}") = "3.2.009", "3.2.009", "{4B5C453E-77EE-4424-8701-6253689F0F10}"
EndProject
Project("{9A19103F-16F7-4668-BE54-9A1E7A4F7556}") = "NumerosRomanos", "Cap3\3.2.009\NumerosRomanos\NumerosRomanos.csproj", "{5EC033D8-FC53-4D48-B91F-E2D418EA9479}"
EndProject
Project("{9A19103F-16F7-4668-BE54-9A1E7A4F7556}") = "NumerosRomanos.Tests", "Cap3\3.2.009\NumerosRomanos.Tests\NumerosRomanos.Tests.csproj", "{EDAADC9A-51BC-4BB2-9A2B-AC56E25FAF60}"
EndProject
Project("{2150E333-8FDC-42A3-9474-1A3956D46DE8}") = "3.2.010", "3.2.010", "{4AC02B76-6F6C-4C77-AE23-BF335143E794}"
EndProject
Project("{9A19103F-16F7-4668-BE54-9A1E7A4F7556}") = "NumerosRomanos", "Cap3\3.2.010\NumerosRomanos\NumerosRomanos.csproj", "{92552226-DA86-462D-A7D9-550850CFFDE2}"
EndProject
Project("{9A19103F-16F7-4668-BE54-9A1E7A4F7556}") = "NumerosRomanos.Tests", "Cap3\3.2.010\NumerosRomanos.Tests\NumerosRomanos.Tests.csproj", "{D6EEE48E-7B2D-4497-B2B5-454820EE0A7C}"
EndProject
Project("{2150E333-8FDC-42A3-9474-1A3956D46DE8}") = "3.2.011", "3.2.011", "{786A1390-4771-4FB1-854A-561ABCF22FC9}"
EndProject
Project("{9A19103F-16F7-4668-BE54-9A1E7A4F7556}") = "NumerosRomanos", "Cap3\3.2.011\NumerosRomanos\NumerosRomanos.csproj", "{B8379B45-13E5-42AE-84AC-01BF1EE2ADA1}"
EndProject
Project("{9A19103F-16F7-4668-BE54-9A1E7A4F7556}") = "NumerosRomanos.Tests", "Cap3\3.2.011\NumerosRomanos.Tests\NumerosRomanos.Tests.csproj", "{C8F730BD-D0D3-4B19-9952-A04EE8EFAB04}"
EndProject
Project("{2150E333-8FDC-42A3-9474-1A3956D46DE8}") = "3.2.012", "3.2.012", "{F01DF1BE-517C-4CEA-9984-DB9CECC5E503}"
EndProject
Project("{9A19103F-16F7-4668-BE54-9A1E7A4F7556}") = "NumerosRomanos", "Cap3\3.2.012\NumerosRomanos\NumerosRomanos.csproj", "{19532865-FBB9-40F9-BBB7-50A8BCF87705}"
EndProject
Project("{9A19103F-16F7-4668-BE54-9A1E7A4F7556}") = "NumerosRomanos.Tests", "Cap3\3.2.012\NumerosRomanos.Tests\NumerosRomanos.Tests.csproj", "{18D68ACF-0265-4D96-B9EB-1386E249A4B5}"
EndProject
Project("{2150E333-8FDC-42A3-9474-1A3956D46DE8}") = "3.2.013", "3.2.013", "{CECB16D4-933A-49A6-B5DA-3FC8827CD35A}"
EndProject
Project("{9A19103F-16F7-4668-BE54-9A1E7A4F7556}") = "NumerosRomanos", "Cap3\3.2.013\NumerosRomanos\NumerosRomanos.csproj", "{3B565A7D-0C08-4B28-98E6-1000B5A604D8}"
EndProject
Project("{9A19103F-16F7-4668-BE54-9A1E7A4F7556}") = "NumerosRomanos.Tests", "Cap3\3.2.013\NumerosRomanos.Tests\NumerosRomanos.Tests.csproj", "{325A5981-F893-4A05-9944-26BC24571280}"
EndProject
Project("{2150E333-8FDC-42A3-9474-1A3956D46DE8}") = "3.2.014", "3.2.014", "{7EE36B69-0F90-457B-9636-490C3E2DD496}"
EndProject
Project("{9A19103F-16F7-4668-BE54-9A1E7A4F7556}") = "NumerosRomanos", "Cap3\3.2.014\NumerosRomanos\NumerosRomanos.csproj", "{DF8CDF51-2E9C-4EC1-8FCB-6771E3A6D460}"
EndProject
Project("{9A19103F-16F7-4668-BE54-9A1E7A4F7556}") = "NumerosRomanos.Tests", "Cap3\3.2.014\NumerosRomanos.Tests\NumerosRomanos.Tests.csproj", "{358F5153-F81B-4D9B-BBB2-47D4681E3F8E}"
EndProject
Project("{2150E333-8FDC-42A3-9474-1A3956D46DE8}") = "3.2.015", "3.2.015", "{64FB879C-77D1-419C-8E55-A81170D417AF}"
EndProject
Project("{9A19103F-16F7-4668-BE54-9A1E7A4F7556}") = "NumerosRomanos", "Cap3\3.2.015\NumerosRomanos\NumerosRomanos.csproj", "{D068BC01-E00E-4F83-8A11-35C0A78CF7D4}"
EndProject
Project("{9A19103F-16F7-4668-BE54-9A1E7A4F7556}") = "NumerosRomanos.Tests", "Cap3\3.2.015\NumerosRomanos.Tests\NumerosRomanos.Tests.csproj", "{E1EB0868-AEB6-4D06-8170-88AA5DEF35BF}"
EndProject
Project("{2150E333-8FDC-42A3-9474-1A3956D46DE8}") = "3.2.016", "3.2.016", "{0F2BD6ED-5EEE-4F91-BDF7-DD47937C223B}"
EndProject
Project("{9A19103F-16F7-4668-BE54-9A1E7A4F7556}") = "NumerosRomanos", "Cap3\3.2.016\NumerosRomanos\NumerosRomanos.csproj", "{21666EF3-909D-49EA-BF73-AEA6A9CAA2C8}"
EndProject
Project("{9A19103F-16F7-4668-BE54-9A1E7A4F7556}") = "NumerosRomanos.Tests", "Cap3\3.2.016\NumerosRomanos.Tests\NumerosRomanos.Tests.csproj", "{BB1A7DED-9153-4835-8630-7F5FD765E882}"
EndProject
Project("{2150E333-8FDC-42A3-9474-1A3956D46DE8}") = "3.2.017", "3.2.017", "{C4131E0A-D39D-4C5A-A3A0-9F3206CC35CA}"
EndProject
Project("{9A19103F-16F7-4668-BE54-9A1E7A4F7556}") = "NumerosRomanos", "Cap3\3.2.017\NumerosRomanos\NumerosRomanos.csproj", "{A6CB3CA6-03C6-40E7-B10C-AE3594116280}"
EndProject
Project("{9A19103F-16F7-4668-BE54-9A1E7A4F7556}") = "NumerosRomanos.Tests", "Cap3\3.2.017\NumerosRomanos.Tests\NumerosRomanos.Tests.csproj", "{1E4AF29A-C0CA-47C3-86C3-E645CD855C0E}"
EndProject
Project("{2150E333-8FDC-42A3-9474-1A3956D46DE8}") = "3.2.018", "3.2.018", "{F4362827-C1DA-448C-9665-7E49289B2AD6}"
EndProject
Project("{9A19103F-16F7-4668-BE54-9A1E7A4F7556}") = "NumerosRomanos", "Cap3\3.2.018\NumerosRomanos\NumerosRomanos.csproj", "{6B58CFDA-0628-4FD8-BDDC-CBC704F496D7}"
EndProject
Project("{9A19103F-16F7-4668-BE54-9A1E7A4F7556}") = "NumerosRomanos.Tests", "Cap3\3.2.018\NumerosRomanos.Tests\NumerosRomanos.Tests.csproj", "{0693C4D5-58A4-4B6F-B8C1-2D3667A5854B}"
EndProject
Project("{2150E333-8FDC-42A3-9474-1A3956D46DE8}") = "Cap4", "Cap4", "{F5368757-E9CC-48EF-AAA3-51355714C6F3}"
EndProject
Project("{2150E333-8FDC-42A3-9474-1A3956D46DE8}") = "4.1.019", "4.1.019", "{ABF5D00D-29B7-43D2-85B7-C2BAA249CAE7}"
EndProject
Project("{9A19103F-16F7-4668-BE54-9A1E7A4F7556}") = "Empresa", "Cap4\4.1.019\Empresa\Empresa.csproj", "{F785A2ED-6376-4176-9735-9D2C2C5881B9}"
EndProject
Project("{2150E333-8FDC-42A3-9474-1A3956D46DE8}") = "4.2.020", "4.2.020", "{25D0E5EA-3684-4684-BD42-1D4AEB512921}"
EndProject
Project("{9A19103F-16F7-4668-BE54-9A1E7A4F7556}") = "Empresa", "Cap4\4.2.020\Empresa\Empresa.csproj", "{6FC86CE1-9E07-48A0-AC2E-ECA2FCD94EA8}"
EndProject
Project("{9A19103F-16F7-4668-BE54-9A1E7A4F7556}") = "Empresa.Tests", "Cap4\4.2.020\Empresa.Tests\Empresa.Tests.csproj", "{6A96B08C-BDB4-4749-BBFB-889AF1ACA087}"
EndProject
Project("{2150E333-8FDC-42A3-9474-1A3956D46DE8}") = "4.2.021", "4.2.021", "{B23BCF27-C374-4219-BD7A-9E7297F13DCA}"
EndProject
Project("{9A19103F-16F7-4668-BE54-9A1E7A4F7556}") = "Empresa", "Cap4\4.2.021\Empresa\Empresa.csproj", "{0A2798CC-6946-4774-9498-1E257FC197D1}"
EndProject
Project("{9A19103F-16F7-4668-BE54-9A1E7A4F7556}") = "Empresa.Tests", "Cap4\4.2.021\Empresa.Tests\Empresa.Tests.csproj", "{27044505-161F-452B-B88E-F57666FCF4B9}"
EndProject
Project("{2150E333-8FDC-42A3-9474-1A3956D46DE8}") = "4.2.022", "4.2.022", "{9C1234EC-25CA-43DD-B457-C7254A492CF6}"
EndProject
Project("{9A19103F-16F7-4668-BE54-9A1E7A4F7556}") = "Empresa", "Cap4\4.2.022\Empresa\Empresa.csproj", "{AF36C531-E93F-4121-974C-E22FE873E2FC}"
EndProject
Project("{9A19103F-16F7-4668-BE54-9A1E7A4F7556}") = "Empresa.Tests", "Cap4\4.2.022\Empresa.Tests\Empresa.Tests.csproj", "{C279D54A-B736-4539-BBBD-F32E570BC7A0}"
EndProject
Project("{2150E333-8FDC-42A3-9474-1A3956D46DE8}") = "4.4.023", "4.4.023", "{ABAC4463-4BC1-486B-B36B-63F0F2023829}"
EndProject
Project("{9A19103F-16F7-4668-BE54-9A1E7A4F7556}") = "Empresa", "Cap4\4.4.023\Empresa\Empresa.csproj", "{C3EE87FE-CEE6-4367-A5FB-9F9CFD55F365}"
EndProject
Project("{9A19103F-16F7-4668-BE54-9A1E7A4F7556}") = "Empresa.Tests", "Cap4\4.4.023\Empresa.Tests\Empresa.Tests.csproj", "{54BAF406-78AD-46FF-90F9-D9B02CD18648}"
EndProject
Project("{2150E333-8FDC-42A3-9474-1A3956D46DE8}") = "Cap5", "Cap5", "{1A958B47-DFFE-4EE7-BA90-7B6BEE9E75F0}"
EndProject
Project("{2150E333-8FDC-42A3-9474-1A3956D46DE8}") = "5.1.024", "5.1.024", "{1DD8D5A6-6598-4E24-BA8E-90A1E6D3F880}"
EndProject
Project("{9A19103F-16F7-4668-BE54-9A1E7A4F7556}") = "LojaVirtual", "Cap5\5.1.024\LojaVirtual\LojaVirtual.csproj", "{42E7822B-8642-444F-9D93-7746EC427FCE}"
EndProject
Project("{9A19103F-16F7-4668-BE54-9A1E7A4F7556}") = "LojaVirtual.Tests", "Cap5\5.1.024\LojaVirtual.Tests\LojaVirtual.Tests.csproj", "{14D372B9-69D3-479F-B719-D1DAADDB2096}"
EndProject
Project("{2150E333-8FDC-42A3-9474-1A3956D46DE8}") = "5.1.025", "5.1.025", "{4D1423AB-9EA3-488C-9D00-92A19452D1EF}"
EndProject
Project("{9A19103F-16F7-4668-BE54-9A1E7A4F7556}") = "LojaVirtual", "Cap5\5.1.025\LojaVirtual\LojaVirtual.csproj", "{2DE00B5F-ED65-4BDB-B32A-E04574F7CD4B}"
EndProject
Project("{9A19103F-16F7-4668-BE54-9A1E7A4F7556}") = "LojaVirtual.Tests", "Cap5\5.1.025\LojaVirtual.Tests\LojaVirtual.Tests.csproj", "{7068FDEC-FD52-400E-88B0-F1FB25AA82A5}"
EndProject
Project("{2150E333-8FDC-42A3-9474-1A3956D46DE8}") = "5.1.026", "5.1.026", "{D20C8A29-D635-4CF4-A04A-D8974A73E336}"
EndProject
Project("{9A19103F-16F7-4668-BE54-9A1E7A4F7556}") = "LojaVirtual", "Cap5\5.1.026\LojaVirtual\LojaVirtual.csproj", "{603BA383-A123-4514-98E2-618C427DAAC6}"
EndProject
Project("{9A19103F-16F7-4668-BE54-9A1E7A4F7556}") = "LojaVirtual.Tests", "Cap5\5.1.026\LojaVirtual.Tests\LojaVirtual.Tests.csproj", "{7E828748-507C-4C28-9755-06F4CEC1FC01}"
EndProject
Project("{2150E333-8FDC-42A3-9474-1A3956D46DE8}") = "5.1.027", "5.1.027", "{F5269BA4-5A59-40E1-9D52-EC2457BC2192}"
EndProject
Project("{9A19103F-16F7-4668-BE54-9A1E7A4F7556}") = "LojaVirtual", "Cap5\5.1.027\LojaVirtual\LojaVirtual.csproj", "{B298EC0D-45FC-4586-A476-32C3D93DA8D6}"
EndProject
Project("{9A19103F-16F7-4668-BE54-9A1E7A4F7556}") = "LojaVirtual.Tests", "Cap5\5.1.027\LojaVirtual.Tests\LojaVirtual.Tests.csproj", "{F51299F5-4ADE-412C-A8DB-A830E3E3FBD7}"
EndProject
Global
	GlobalSection(SolutionConfigurationPlatforms) = preSolution
		Debug|Any CPU = Debug|Any CPU
		Release|Any CPU = Release|Any CPU
	EndGlobalSection
	GlobalSection(ProjectConfigurationPlatforms) = postSolution
		{A5585EAB-EEDE-4522-9020-D5D4188C5116}.Debug|Any CPU.ActiveCfg = Debug|Any CPU
		{A5585EAB-EEDE-4522-9020-D5D4188C5116}.Debug|Any CPU.Build.0 = Debug|Any CPU
		{A5585EAB-EEDE-4522-9020-D5D4188C5116}.Release|Any CPU.ActiveCfg = Release|Any CPU
		{A5585EAB-EEDE-4522-9020-D5D4188C5116}.Release|Any CPU.Build.0 = Release|Any CPU
		{A7E657A5-7E8E-467E-AD80-83385B616A5B}.Debug|Any CPU.ActiveCfg = Debug|Any CPU
		{A7E657A5-7E8E-467E-AD80-83385B616A5B}.Debug|Any CPU.Build.0 = Debug|Any CPU
		{A7E657A5-7E8E-467E-AD80-83385B616A5B}.Release|Any CPU.ActiveCfg = Release|Any CPU
		{A7E657A5-7E8E-467E-AD80-83385B616A5B}.Release|Any CPU.Build.0 = Release|Any CPU
		{AA2800F1-E3D2-4304-977C-EE675D09CF5F}.Debug|Any CPU.ActiveCfg = Debug|Any CPU
		{AA2800F1-E3D2-4304-977C-EE675D09CF5F}.Debug|Any CPU.Build.0 = Debug|Any CPU
		{AA2800F1-E3D2-4304-977C-EE675D09CF5F}.Release|Any CPU.ActiveCfg = Release|Any CPU
		{AA2800F1-E3D2-4304-977C-EE675D09CF5F}.Release|Any CPU.Build.0 = Release|Any CPU
		{BF987199-5116-4743-9518-A2BAE9B8D3E3}.Debug|Any CPU.ActiveCfg = Debug|Any CPU
		{BF987199-5116-4743-9518-A2BAE9B8D3E3}.Debug|Any CPU.Build.0 = Debug|Any CPU
		{BF987199-5116-4743-9518-A2BAE9B8D3E3}.Release|Any CPU.ActiveCfg = Release|Any CPU
		{BF987199-5116-4743-9518-A2BAE9B8D3E3}.Release|Any CPU.Build.0 = Release|Any CPU
		{50291567-F4A8-47FB-A97A-E6FA0DB5CDDD}.Debug|Any CPU.ActiveCfg = Debug|Any CPU
		{50291567-F4A8-47FB-A97A-E6FA0DB5CDDD}.Debug|Any CPU.Build.0 = Debug|Any CPU
		{50291567-F4A8-47FB-A97A-E6FA0DB5CDDD}.Release|Any CPU.ActiveCfg = Release|Any CPU
		{50291567-F4A8-47FB-A97A-E6FA0DB5CDDD}.Release|Any CPU.Build.0 = Release|Any CPU
		{08F14ACE-ABEA-47C8-B015-14ACD1581226}.Debug|Any CPU.ActiveCfg = Debug|Any CPU
		{08F14ACE-ABEA-47C8-B015-14ACD1581226}.Debug|Any CPU.Build.0 = Debug|Any CPU
		{08F14ACE-ABEA-47C8-B015-14ACD1581226}.Release|Any CPU.ActiveCfg = Release|Any CPU
		{08F14ACE-ABEA-47C8-B015-14ACD1581226}.Release|Any CPU.Build.0 = Release|Any CPU
		{A89671CA-170C-4187-B552-EF8A2F27BBF4}.Debug|Any CPU.ActiveCfg = Debug|Any CPU
		{A89671CA-170C-4187-B552-EF8A2F27BBF4}.Debug|Any CPU.Build.0 = Debug|Any CPU
		{A89671CA-170C-4187-B552-EF8A2F27BBF4}.Release|Any CPU.ActiveCfg = Release|Any CPU
		{A89671CA-170C-4187-B552-EF8A2F27BBF4}.Release|Any CPU.Build.0 = Release|Any CPU
		{3AC60A19-A685-482D-8929-830DC1F894C6}.Debug|Any CPU.ActiveCfg = Debug|Any CPU
		{3AC60A19-A685-482D-8929-830DC1F894C6}.Debug|Any CPU.Build.0 = Debug|Any CPU
		{3AC60A19-A685-482D-8929-830DC1F894C6}.Release|Any CPU.ActiveCfg = Release|Any CPU
		{3AC60A19-A685-482D-8929-830DC1F894C6}.Release|Any CPU.Build.0 = Release|Any CPU
		{6024259F-BE3F-4DD4-837B-75035F1C3E0B}.Debug|Any CPU.ActiveCfg = Debug|Any CPU
		{6024259F-BE3F-4DD4-837B-75035F1C3E0B}.Debug|Any CPU.Build.0 = Debug|Any CPU
		{6024259F-BE3F-4DD4-837B-75035F1C3E0B}.Release|Any CPU.ActiveCfg = Release|Any CPU
		{6024259F-BE3F-4DD4-837B-75035F1C3E0B}.Release|Any CPU.Build.0 = Release|Any CPU
		{D7AB200A-8375-4C81-97AF-2732903853CB}.Debug|Any CPU.ActiveCfg = Debug|Any CPU
		{D7AB200A-8375-4C81-97AF-2732903853CB}.Debug|Any CPU.Build.0 = Debug|Any CPU
		{D7AB200A-8375-4C81-97AF-2732903853CB}.Release|Any CPU.ActiveCfg = Release|Any CPU
		{D7AB200A-8375-4C81-97AF-2732903853CB}.Release|Any CPU.Build.0 = Release|Any CPU
		{F8623A4D-A4B9-4E1F-9C6A-2FEA9E9B0F6E}.Debug|Any CPU.ActiveCfg = Debug|Any CPU
		{F8623A4D-A4B9-4E1F-9C6A-2FEA9E9B0F6E}.Debug|Any CPU.Build.0 = Debug|Any CPU
		{F8623A4D-A4B9-4E1F-9C6A-2FEA9E9B0F6E}.Release|Any CPU.ActiveCfg = Release|Any CPU
		{F8623A4D-A4B9-4E1F-9C6A-2FEA9E9B0F6E}.Release|Any CPU.Build.0 = Release|Any CPU
		{031EFE07-1D6C-4795-8648-0201C2FFF389}.Debug|Any CPU.ActiveCfg = Debug|Any CPU
		{031EFE07-1D6C-4795-8648-0201C2FFF389}.Debug|Any CPU.Build.0 = Debug|Any CPU
		{031EFE07-1D6C-4795-8648-0201C2FFF389}.Release|Any CPU.ActiveCfg = Release|Any CPU
		{031EFE07-1D6C-4795-8648-0201C2FFF389}.Release|Any CPU.Build.0 = Release|Any CPU
		{4C2C580F-038E-44B6-B7A2-C6FD462CBCB9}.Debug|Any CPU.ActiveCfg = Debug|Any CPU
		{4C2C580F-038E-44B6-B7A2-C6FD462CBCB9}.Debug|Any CPU.Build.0 = Debug|Any CPU
		{4C2C580F-038E-44B6-B7A2-C6FD462CBCB9}.Release|Any CPU.ActiveCfg = Release|Any CPU
		{4C2C580F-038E-44B6-B7A2-C6FD462CBCB9}.Release|Any CPU.Build.0 = Release|Any CPU
		{13F40126-8894-4EB6-AF25-6289CA195E7C}.Debug|Any CPU.ActiveCfg = Debug|Any CPU
		{13F40126-8894-4EB6-AF25-6289CA195E7C}.Debug|Any CPU.Build.0 = Debug|Any CPU
		{13F40126-8894-4EB6-AF25-6289CA195E7C}.Release|Any CPU.ActiveCfg = Release|Any CPU
		{13F40126-8894-4EB6-AF25-6289CA195E7C}.Release|Any CPU.Build.0 = Release|Any CPU
		{5EC033D8-FC53-4D48-B91F-E2D418EA9479}.Debug|Any CPU.ActiveCfg = Debug|Any CPU
		{5EC033D8-FC53-4D48-B91F-E2D418EA9479}.Debug|Any CPU.Build.0 = Debug|Any CPU
		{5EC033D8-FC53-4D48-B91F-E2D418EA9479}.Release|Any CPU.ActiveCfg = Release|Any CPU
		{5EC033D8-FC53-4D48-B91F-E2D418EA9479}.Release|Any CPU.Build.0 = Release|Any CPU
		{EDAADC9A-51BC-4BB2-9A2B-AC56E25FAF60}.Debug|Any CPU.ActiveCfg = Debug|Any CPU
		{EDAADC9A-51BC-4BB2-9A2B-AC56E25FAF60}.Debug|Any CPU.Build.0 = Debug|Any CPU
		{EDAADC9A-51BC-4BB2-9A2B-AC56E25FAF60}.Release|Any CPU.ActiveCfg = Release|Any CPU
		{EDAADC9A-51BC-4BB2-9A2B-AC56E25FAF60}.Release|Any CPU.Build.0 = Release|Any CPU
		{92552226-DA86-462D-A7D9-550850CFFDE2}.Debug|Any CPU.ActiveCfg = Debug|Any CPU
		{92552226-DA86-462D-A7D9-550850CFFDE2}.Debug|Any CPU.Build.0 = Debug|Any CPU
		{92552226-DA86-462D-A7D9-550850CFFDE2}.Release|Any CPU.ActiveCfg = Release|Any CPU
		{92552226-DA86-462D-A7D9-550850CFFDE2}.Release|Any CPU.Build.0 = Release|Any CPU
		{D6EEE48E-7B2D-4497-B2B5-454820EE0A7C}.Debug|Any CPU.ActiveCfg = Debug|Any CPU
		{D6EEE48E-7B2D-4497-B2B5-454820EE0A7C}.Debug|Any CPU.Build.0 = Debug|Any CPU
		{D6EEE48E-7B2D-4497-B2B5-454820EE0A7C}.Release|Any CPU.ActiveCfg = Release|Any CPU
		{D6EEE48E-7B2D-4497-B2B5-454820EE0A7C}.Release|Any CPU.Build.0 = Release|Any CPU
		{B8379B45-13E5-42AE-84AC-01BF1EE2ADA1}.Debug|Any CPU.ActiveCfg = Debug|Any CPU
		{B8379B45-13E5-42AE-84AC-01BF1EE2ADA1}.Debug|Any CPU.Build.0 = Debug|Any CPU
		{B8379B45-13E5-42AE-84AC-01BF1EE2ADA1}.Release|Any CPU.ActiveCfg = Release|Any CPU
		{B8379B45-13E5-42AE-84AC-01BF1EE2ADA1}.Release|Any CPU.Build.0 = Release|Any CPU
		{C8F730BD-D0D3-4B19-9952-A04EE8EFAB04}.Debug|Any CPU.ActiveCfg = Debug|Any CPU
		{C8F730BD-D0D3-4B19-9952-A04EE8EFAB04}.Debug|Any CPU.Build.0 = Debug|Any CPU
		{C8F730BD-D0D3-4B19-9952-A04EE8EFAB04}.Release|Any CPU.ActiveCfg = Release|Any CPU
		{C8F730BD-D0D3-4B19-9952-A04EE8EFAB04}.Release|Any CPU.Build.0 = Release|Any CPU
		{19532865-FBB9-40F9-BBB7-50A8BCF87705}.Debug|Any CPU.ActiveCfg = Debug|Any CPU
		{19532865-FBB9-40F9-BBB7-50A8BCF87705}.Debug|Any CPU.Build.0 = Debug|Any CPU
		{19532865-FBB9-40F9-BBB7-50A8BCF87705}.Release|Any CPU.ActiveCfg = Release|Any CPU
		{19532865-FBB9-40F9-BBB7-50A8BCF87705}.Release|Any CPU.Build.0 = Release|Any CPU
		{18D68ACF-0265-4D96-B9EB-1386E249A4B5}.Debug|Any CPU.ActiveCfg = Debug|Any CPU
		{18D68ACF-0265-4D96-B9EB-1386E249A4B5}.Debug|Any CPU.Build.0 = Debug|Any CPU
		{18D68ACF-0265-4D96-B9EB-1386E249A4B5}.Release|Any CPU.ActiveCfg = Release|Any CPU
		{18D68ACF-0265-4D96-B9EB-1386E249A4B5}.Release|Any CPU.Build.0 = Release|Any CPU
		{3B565A7D-0C08-4B28-98E6-1000B5A604D8}.Debug|Any CPU.ActiveCfg = Debug|Any CPU
		{3B565A7D-0C08-4B28-98E6-1000B5A604D8}.Debug|Any CPU.Build.0 = Debug|Any CPU
		{3B565A7D-0C08-4B28-98E6-1000B5A604D8}.Release|Any CPU.ActiveCfg = Release|Any CPU
		{3B565A7D-0C08-4B28-98E6-1000B5A604D8}.Release|Any CPU.Build.0 = Release|Any CPU
		{325A5981-F893-4A05-9944-26BC24571280}.Debug|Any CPU.ActiveCfg = Debug|Any CPU
		{325A5981-F893-4A05-9944-26BC24571280}.Debug|Any CPU.Build.0 = Debug|Any CPU
		{325A5981-F893-4A05-9944-26BC24571280}.Release|Any CPU.ActiveCfg = Release|Any CPU
		{325A5981-F893-4A05-9944-26BC24571280}.Release|Any CPU.Build.0 = Release|Any CPU
		{DF8CDF51-2E9C-4EC1-8FCB-6771E3A6D460}.Debug|Any CPU.ActiveCfg = Debug|Any CPU
		{DF8CDF51-2E9C-4EC1-8FCB-6771E3A6D460}.Debug|Any CPU.Build.0 = Debug|Any CPU
		{DF8CDF51-2E9C-4EC1-8FCB-6771E3A6D460}.Release|Any CPU.ActiveCfg = Release|Any CPU
		{DF8CDF51-2E9C-4EC1-8FCB-6771E3A6D460}.Release|Any CPU.Build.0 = Release|Any CPU
		{358F5153-F81B-4D9B-BBB2-47D4681E3F8E}.Debug|Any CPU.ActiveCfg = Debug|Any CPU
		{358F5153-F81B-4D9B-BBB2-47D4681E3F8E}.Debug|Any CPU.Build.0 = Debug|Any CPU
		{358F5153-F81B-4D9B-BBB2-47D4681E3F8E}.Release|Any CPU.ActiveCfg = Release|Any CPU
		{358F5153-F81B-4D9B-BBB2-47D4681E3F8E}.Release|Any CPU.Build.0 = Release|Any CPU
		{D068BC01-E00E-4F83-8A11-35C0A78CF7D4}.Debug|Any CPU.ActiveCfg = Debug|Any CPU
		{D068BC01-E00E-4F83-8A11-35C0A78CF7D4}.Debug|Any CPU.Build.0 = Debug|Any CPU
		{D068BC01-E00E-4F83-8A11-35C0A78CF7D4}.Release|Any CPU.ActiveCfg = Release|Any CPU
		{D068BC01-E00E-4F83-8A11-35C0A78CF7D4}.Release|Any CPU.Build.0 = Release|Any CPU
		{E1EB0868-AEB6-4D06-8170-88AA5DEF35BF}.Debug|Any CPU.ActiveCfg = Debug|Any CPU
		{E1EB0868-AEB6-4D06-8170-88AA5DEF35BF}.Debug|Any CPU.Build.0 = Debug|Any CPU
		{E1EB0868-AEB6-4D06-8170-88AA5DEF35BF}.Release|Any CPU.ActiveCfg = Release|Any CPU
		{E1EB0868-AEB6-4D06-8170-88AA5DEF35BF}.Release|Any CPU.Build.0 = Release|Any CPU
		{21666EF3-909D-49EA-BF73-AEA6A9CAA2C8}.Debug|Any CPU.ActiveCfg = Debug|Any CPU
		{21666EF3-909D-49EA-BF73-AEA6A9CAA2C8}.Debug|Any CPU.Build.0 = Debug|Any CPU
		{21666EF3-909D-49EA-BF73-AEA6A9CAA2C8}.Release|Any CPU.ActiveCfg = Release|Any CPU
		{21666EF3-909D-49EA-BF73-AEA6A9CAA2C8}.Release|Any CPU.Build.0 = Release|Any CPU
		{BB1A7DED-9153-4835-8630-7F5FD765E882}.Debug|Any CPU.ActiveCfg = Debug|Any CPU
		{BB1A7DED-9153-4835-8630-7F5FD765E882}.Debug|Any CPU.Build.0 = Debug|Any CPU
		{BB1A7DED-9153-4835-8630-7F5FD765E882}.Release|Any CPU.ActiveCfg = Release|Any CPU
		{BB1A7DED-9153-4835-8630-7F5FD765E882}.Release|Any CPU.Build.0 = Release|Any CPU
		{A6CB3CA6-03C6-40E7-B10C-AE3594116280}.Debug|Any CPU.ActiveCfg = Debug|Any CPU
		{A6CB3CA6-03C6-40E7-B10C-AE3594116280}.Debug|Any CPU.Build.0 = Debug|Any CPU
		{A6CB3CA6-03C6-40E7-B10C-AE3594116280}.Release|Any CPU.ActiveCfg = Release|Any CPU
		{A6CB3CA6-03C6-40E7-B10C-AE3594116280}.Release|Any CPU.Build.0 = Release|Any CPU
		{1E4AF29A-C0CA-47C3-86C3-E645CD855C0E}.Debug|Any CPU.ActiveCfg = Debug|Any CPU
		{1E4AF29A-C0CA-47C3-86C3-E645CD855C0E}.Debug|Any CPU.Build.0 = Debug|Any CPU
		{1E4AF29A-C0CA-47C3-86C3-E645CD855C0E}.Release|Any CPU.ActiveCfg = Release|Any CPU
		{1E4AF29A-C0CA-47C3-86C3-E645CD855C0E}.Release|Any CPU.Build.0 = Release|Any CPU
		{6B58CFDA-0628-4FD8-BDDC-CBC704F496D7}.Debug|Any CPU.ActiveCfg = Debug|Any CPU
		{6B58CFDA-0628-4FD8-BDDC-CBC704F496D7}.Debug|Any CPU.Build.0 = Debug|Any CPU
		{6B58CFDA-0628-4FD8-BDDC-CBC704F496D7}.Release|Any CPU.ActiveCfg = Release|Any CPU
		{6B58CFDA-0628-4FD8-BDDC-CBC704F496D7}.Release|Any CPU.Build.0 = Release|Any CPU
		{0693C4D5-58A4-4B6F-B8C1-2D3667A5854B}.Debug|Any CPU.ActiveCfg = Debug|Any CPU
		{0693C4D5-58A4-4B6F-B8C1-2D3667A5854B}.Debug|Any CPU.Build.0 = Debug|Any CPU
		{0693C4D5-58A4-4B6F-B8C1-2D3667A5854B}.Release|Any CPU.ActiveCfg = Release|Any CPU
		{0693C4D5-58A4-4B6F-B8C1-2D3667A5854B}.Release|Any CPU.Build.0 = Release|Any CPU
		{F785A2ED-6376-4176-9735-9D2C2C5881B9}.Debug|Any CPU.ActiveCfg = Debug|Any CPU
		{F785A2ED-6376-4176-9735-9D2C2C5881B9}.Debug|Any CPU.Build.0 = Debug|Any CPU
		{F785A2ED-6376-4176-9735-9D2C2C5881B9}.Release|Any CPU.ActiveCfg = Release|Any CPU
		{F785A2ED-6376-4176-9735-9D2C2C5881B9}.Release|Any CPU.Build.0 = Release|Any CPU
		{6FC86CE1-9E07-48A0-AC2E-ECA2FCD94EA8}.Debug|Any CPU.ActiveCfg = Debug|Any CPU
		{6FC86CE1-9E07-48A0-AC2E-ECA2FCD94EA8}.Debug|Any CPU.Build.0 = Debug|Any CPU
		{6FC86CE1-9E07-48A0-AC2E-ECA2FCD94EA8}.Release|Any CPU.ActiveCfg = Release|Any CPU
		{6FC86CE1-9E07-48A0-AC2E-ECA2FCD94EA8}.Release|Any CPU.Build.0 = Release|Any CPU
		{6A96B08C-BDB4-4749-BBFB-889AF1ACA087}.Debug|Any CPU.ActiveCfg = Debug|Any CPU
		{6A96B08C-BDB4-4749-BBFB-889AF1ACA087}.Debug|Any CPU.Build.0 = Debug|Any CPU
		{6A96B08C-BDB4-4749-BBFB-889AF1ACA087}.Release|Any CPU.ActiveCfg = Release|Any CPU
		{6A96B08C-BDB4-4749-BBFB-889AF1ACA087}.Release|Any CPU.Build.0 = Release|Any CPU
		{0A2798CC-6946-4774-9498-1E257FC197D1}.Debug|Any CPU.ActiveCfg = Debug|Any CPU
		{0A2798CC-6946-4774-9498-1E257FC197D1}.Debug|Any CPU.Build.0 = Debug|Any CPU
		{0A2798CC-6946-4774-9498-1E257FC197D1}.Release|Any CPU.ActiveCfg = Release|Any CPU
		{0A2798CC-6946-4774-9498-1E257FC197D1}.Release|Any CPU.Build.0 = Release|Any CPU
		{27044505-161F-452B-B88E-F57666FCF4B9}.Debug|Any CPU.ActiveCfg = Debug|Any CPU
		{27044505-161F-452B-B88E-F57666FCF4B9}.Debug|Any CPU.Build.0 = Debug|Any CPU
		{27044505-161F-452B-B88E-F57666FCF4B9}.Release|Any CPU.ActiveCfg = Release|Any CPU
		{27044505-161F-452B-B88E-F57666FCF4B9}.Release|Any CPU.Build.0 = Release|Any CPU
		{AF36C531-E93F-4121-974C-E22FE873E2FC}.Debug|Any CPU.ActiveCfg = Debug|Any CPU
		{AF36C531-E93F-4121-974C-E22FE873E2FC}.Debug|Any CPU.Build.0 = Debug|Any CPU
		{AF36C531-E93F-4121-974C-E22FE873E2FC}.Release|Any CPU.ActiveCfg = Release|Any CPU
		{AF36C531-E93F-4121-974C-E22FE873E2FC}.Release|Any CPU.Build.0 = Release|Any CPU
		{C279D54A-B736-4539-BBBD-F32E570BC7A0}.Debug|Any CPU.ActiveCfg = Debug|Any CPU
		{C279D54A-B736-4539-BBBD-F32E570BC7A0}.Debug|Any CPU.Build.0 = Debug|Any CPU
		{C279D54A-B736-4539-BBBD-F32E570BC7A0}.Release|Any CPU.ActiveCfg = Release|Any CPU
		{C279D54A-B736-4539-BBBD-F32E570BC7A0}.Release|Any CPU.Build.0 = Release|Any CPU
		{C3EE87FE-CEE6-4367-A5FB-9F9CFD55F365}.Debug|Any CPU.ActiveCfg = Debug|Any CPU
		{C3EE87FE-CEE6-4367-A5FB-9F9CFD55F365}.Debug|Any CPU.Build.0 = Debug|Any CPU
		{C3EE87FE-CEE6-4367-A5FB-9F9CFD55F365}.Release|Any CPU.ActiveCfg = Release|Any CPU
		{C3EE87FE-CEE6-4367-A5FB-9F9CFD55F365}.Release|Any CPU.Build.0 = Release|Any CPU
		{54BAF406-78AD-46FF-90F9-D9B02CD18648}.Debug|Any CPU.ActiveCfg = Debug|Any CPU
		{54BAF406-78AD-46FF-90F9-D9B02CD18648}.Debug|Any CPU.Build.0 = Debug|Any CPU
		{54BAF406-78AD-46FF-90F9-D9B02CD18648}.Release|Any CPU.ActiveCfg = Release|Any CPU
		{54BAF406-78AD-46FF-90F9-D9B02CD18648}.Release|Any CPU.Build.0 = Release|Any CPU
		{42E7822B-8642-444F-9D93-7746EC427FCE}.Debug|Any CPU.ActiveCfg = Debug|Any CPU
		{42E7822B-8642-444F-9D93-7746EC427FCE}.Debug|Any CPU.Build.0 = Debug|Any CPU
		{42E7822B-8642-444F-9D93-7746EC427FCE}.Release|Any CPU.ActiveCfg = Release|Any CPU
		{42E7822B-8642-444F-9D93-7746EC427FCE}.Release|Any CPU.Build.0 = Release|Any CPU
		{14D372B9-69D3-479F-B719-D1DAADDB2096}.Debug|Any CPU.ActiveCfg = Debug|Any CPU
		{14D372B9-69D3-479F-B719-D1DAADDB2096}.Debug|Any CPU.Build.0 = Debug|Any CPU
		{14D372B9-69D3-479F-B719-D1DAADDB2096}.Release|Any CPU.ActiveCfg = Release|Any CPU
		{14D372B9-69D3-479F-B719-D1DAADDB2096}.Release|Any CPU.Build.0 = Release|Any CPU
		{2DE00B5F-ED65-4BDB-B32A-E04574F7CD4B}.Debug|Any CPU.ActiveCfg = Debug|Any CPU
		{2DE00B5F-ED65-4BDB-B32A-E04574F7CD4B}.Debug|Any CPU.Build.0 = Debug|Any CPU
		{2DE00B5F-ED65-4BDB-B32A-E04574F7CD4B}.Release|Any CPU.ActiveCfg = Release|Any CPU
		{2DE00B5F-ED65-4BDB-B32A-E04574F7CD4B}.Release|Any CPU.Build.0 = Release|Any CPU
		{7068FDEC-FD52-400E-88B0-F1FB25AA82A5}.Debug|Any CPU.ActiveCfg = Debug|Any CPU
		{7068FDEC-FD52-400E-88B0-F1FB25AA82A5}.Debug|Any CPU.Build.0 = Debug|Any CPU
		{7068FDEC-FD52-400E-88B0-F1FB25AA82A5}.Release|Any CPU.ActiveCfg = Release|Any CPU
		{7068FDEC-FD52-400E-88B0-F1FB25AA82A5}.Release|Any CPU.Build.0 = Release|Any CPU
		{603BA383-A123-4514-98E2-618C427DAAC6}.Debug|Any CPU.ActiveCfg = Debug|Any CPU
		{603BA383-A123-4514-98E2-618C427DAAC6}.Debug|Any CPU.Build.0 = Debug|Any CPU
		{603BA383-A123-4514-98E2-618C427DAAC6}.Release|Any CPU.ActiveCfg = Release|Any CPU
		{603BA383-A123-4514-98E2-618C427DAAC6}.Release|Any CPU.Build.0 = Release|Any CPU
		{7E828748-507C-4C28-9755-06F4CEC1FC01}.Debug|Any CPU.ActiveCfg = Debug|Any CPU
		{7E828748-507C-4C28-9755-06F4CEC1FC01}.Debug|Any CPU.Build.0 = Debug|Any CPU
		{7E828748-507C-4C28-9755-06F4CEC1FC01}.Release|Any CPU.ActiveCfg = Release|Any CPU
		{7E828748-507C-4C28-9755-06F4CEC1FC01}.Release|Any CPU.Build.0 = Release|Any CPU
		{B298EC0D-45FC-4586-A476-32C3D93DA8D6}.Debug|Any CPU.ActiveCfg = Debug|Any CPU
		{B298EC0D-45FC-4586-A476-32C3D93DA8D6}.Debug|Any CPU.Build.0 = Debug|Any CPU
		{B298EC0D-45FC-4586-A476-32C3D93DA8D6}.Release|Any CPU.ActiveCfg = Release|Any CPU
		{B298EC0D-45FC-4586-A476-32C3D93DA8D6}.Release|Any CPU.Build.0 = Release|Any CPU
		{F51299F5-4ADE-412C-A8DB-A830E3E3FBD7}.Debug|Any CPU.ActiveCfg = Debug|Any CPU
		{F51299F5-4ADE-412C-A8DB-A830E3E3FBD7}.Debug|Any CPU.Build.0 = Debug|Any CPU
		{F51299F5-4ADE-412C-A8DB-A830E3E3FBD7}.Release|Any CPU.ActiveCfg = Release|Any CPU
		{F51299F5-4ADE-412C-A8DB-A830E3E3FBD7}.Release|Any CPU.Build.0 = Release|Any CPU
	EndGlobalSection
	GlobalSection(SolutionProperties) = preSolution
		HideSolutionNode = FALSE
	EndGlobalSection
	GlobalSection(NestedProjects) = preSolution
		{A5585EAB-EEDE-4522-9020-D5D4188C5116} = {4612DD8C-94B5-4071-9EA8-E5CF32CA3F2E}
		{A7E657A5-7E8E-467E-AD80-83385B616A5B} = {64982AE3-2E20-41CB-A4C3-860319DE7AF2}
		{AA2800F1-E3D2-4304-977C-EE675D09CF5F} = {8BC1D906-C24A-44AB-A459-1AC87F1958FF}
		{BF987199-5116-4743-9518-A2BAE9B8D3E3} = {8BC1D906-C24A-44AB-A459-1AC87F1958FF}
		{50291567-F4A8-47FB-A97A-E6FA0DB5CDDD} = {6F9DC3B6-8B14-4B08-B2CA-E9F2D4683834}
		{08F14ACE-ABEA-47C8-B015-14ACD1581226} = {6F9DC3B6-8B14-4B08-B2CA-E9F2D4683834}
		{A89671CA-170C-4187-B552-EF8A2F27BBF4} = {0825E145-1B10-4B70-A440-A84232C3FA6A}
		{3AC60A19-A685-482D-8929-830DC1F894C6} = {0825E145-1B10-4B70-A440-A84232C3FA6A}
		{6024259F-BE3F-4DD4-837B-75035F1C3E0B} = {E5C293CB-54E1-4021-8D0F-D49E74CC2C63}
		{D7AB200A-8375-4C81-97AF-2732903853CB} = {E5C293CB-54E1-4021-8D0F-D49E74CC2C63}
		{E5C293CB-54E1-4021-8D0F-D49E74CC2C63} = {5CFD459B-6597-4995-875F-7A69D6A080C8}
		{4612DD8C-94B5-4071-9EA8-E5CF32CA3F2E} = {5CFD459B-6597-4995-875F-7A69D6A080C8}
		{64982AE3-2E20-41CB-A4C3-860319DE7AF2} = {5CFD459B-6597-4995-875F-7A69D6A080C8}
		{8BC1D906-C24A-44AB-A459-1AC87F1958FF} = {5CFD459B-6597-4995-875F-7A69D6A080C8}
		{6F9DC3B6-8B14-4B08-B2CA-E9F2D4683834} = {5CFD459B-6597-4995-875F-7A69D6A080C8}
		{0825E145-1B10-4B70-A440-A84232C3FA6A} = {5CFD459B-6597-4995-875F-7A69D6A080C8}
		{1183BA75-8B81-4D87-973C-1C99C171D11E} = {F3564435-BF01-420A-9AB9-8717A75DDC4A}
		{F8623A4D-A4B9-4E1F-9C6A-2FEA9E9B0F6E} = {1183BA75-8B81-4D87-973C-1C99C171D11E}
		{031EFE07-1D6C-4795-8648-0201C2FFF389} = {1183BA75-8B81-4D87-973C-1C99C171D11E}
		{A1E4FF30-7C5E-4118-B15D-76D1D1C62C24} = {F3564435-BF01-420A-9AB9-8717A75DDC4A}
		{4C2C580F-038E-44B6-B7A2-C6FD462CBCB9} = {A1E4FF30-7C5E-4118-B15D-76D1D1C62C24}
		{13F40126-8894-4EB6-AF25-6289CA195E7C} = {A1E4FF30-7C5E-4118-B15D-76D1D1C62C24}
		{4B5C453E-77EE-4424-8701-6253689F0F10} = {F3564435-BF01-420A-9AB9-8717A75DDC4A}
		{5EC033D8-FC53-4D48-B91F-E2D418EA9479} = {4B5C453E-77EE-4424-8701-6253689F0F10}
		{EDAADC9A-51BC-4BB2-9A2B-AC56E25FAF60} = {4B5C453E-77EE-4424-8701-6253689F0F10}
		{4AC02B76-6F6C-4C77-AE23-BF335143E794} = {F3564435-BF01-420A-9AB9-8717A75DDC4A}
		{92552226-DA86-462D-A7D9-550850CFFDE2} = {4AC02B76-6F6C-4C77-AE23-BF335143E794}
		{D6EEE48E-7B2D-4497-B2B5-454820EE0A7C} = {4AC02B76-6F6C-4C77-AE23-BF335143E794}
		{786A1390-4771-4FB1-854A-561ABCF22FC9} = {F3564435-BF01-420A-9AB9-8717A75DDC4A}
		{B8379B45-13E5-42AE-84AC-01BF1EE2ADA1} = {786A1390-4771-4FB1-854A-561ABCF22FC9}
		{C8F730BD-D0D3-4B19-9952-A04EE8EFAB04} = {786A1390-4771-4FB1-854A-561ABCF22FC9}
		{F01DF1BE-517C-4CEA-9984-DB9CECC5E503} = {F3564435-BF01-420A-9AB9-8717A75DDC4A}
		{19532865-FBB9-40F9-BBB7-50A8BCF87705} = {F01DF1BE-517C-4CEA-9984-DB9CECC5E503}
		{18D68ACF-0265-4D96-B9EB-1386E249A4B5} = {F01DF1BE-517C-4CEA-9984-DB9CECC5E503}
		{CECB16D4-933A-49A6-B5DA-3FC8827CD35A} = {F3564435-BF01-420A-9AB9-8717A75DDC4A}
		{3B565A7D-0C08-4B28-98E6-1000B5A604D8} = {CECB16D4-933A-49A6-B5DA-3FC8827CD35A}
		{325A5981-F893-4A05-9944-26BC24571280} = {CECB16D4-933A-49A6-B5DA-3FC8827CD35A}
		{7EE36B69-0F90-457B-9636-490C3E2DD496} = {F3564435-BF01-420A-9AB9-8717A75DDC4A}
		{DF8CDF51-2E9C-4EC1-8FCB-6771E3A6D460} = {7EE36B69-0F90-457B-9636-490C3E2DD496}
		{358F5153-F81B-4D9B-BBB2-47D4681E3F8E} = {7EE36B69-0F90-457B-9636-490C3E2DD496}
		{64FB879C-77D1-419C-8E55-A81170D417AF} = {F3564435-BF01-420A-9AB9-8717A75DDC4A}
		{D068BC01-E00E-4F83-8A11-35C0A78CF7D4} = {64FB879C-77D1-419C-8E55-A81170D417AF}
		{E1EB0868-AEB6-4D06-8170-88AA5DEF35BF} = {64FB879C-77D1-419C-8E55-A81170D417AF}
		{0F2BD6ED-5EEE-4F91-BDF7-DD47937C223B} = {F3564435-BF01-420A-9AB9-8717A75DDC4A}
		{21666EF3-909D-49EA-BF73-AEA6A9CAA2C8} = {0F2BD6ED-5EEE-4F91-BDF7-DD47937C223B}
		{BB1A7DED-9153-4835-8630-7F5FD765E882} = {0F2BD6ED-5EEE-4F91-BDF7-DD47937C223B}
		{C4131E0A-D39D-4C5A-A3A0-9F3206CC35CA} = {F3564435-BF01-420A-9AB9-8717A75DDC4A}
		{A6CB3CA6-03C6-40E7-B10C-AE3594116280} = {C4131E0A-D39D-4C5A-A3A0-9F3206CC35CA}
		{1E4AF29A-C0CA-47C3-86C3-E645CD855C0E} = {C4131E0A-D39D-4C5A-A3A0-9F3206CC35CA}
		{F4362827-C1DA-448C-9665-7E49289B2AD6} = {F3564435-BF01-420A-9AB9-8717A75DDC4A}
		{6B58CFDA-0628-4FD8-BDDC-CBC704F496D7} = {F4362827-C1DA-448C-9665-7E49289B2AD6}
		{0693C4D5-58A4-4B6F-B8C1-2D3667A5854B} = {F4362827-C1DA-448C-9665-7E49289B2AD6}
		{ABF5D00D-29B7-43D2-85B7-C2BAA249CAE7} = {F5368757-E9CC-48EF-AAA3-51355714C6F3}
		{F785A2ED-6376-4176-9735-9D2C2C5881B9} = {ABF5D00D-29B7-43D2-85B7-C2BAA249CAE7}
		{25D0E5EA-3684-4684-BD42-1D4AEB512921} = {F5368757-E9CC-48EF-AAA3-51355714C6F3}
		{6FC86CE1-9E07-48A0-AC2E-ECA2FCD94EA8} = {25D0E5EA-3684-4684-BD42-1D4AEB512921}
		{6A96B08C-BDB4-4749-BBFB-889AF1ACA087} = {25D0E5EA-3684-4684-BD42-1D4AEB512921}
		{B23BCF27-C374-4219-BD7A-9E7297F13DCA} = {F5368757-E9CC-48EF-AAA3-51355714C6F3}
		{0A2798CC-6946-4774-9498-1E257FC197D1} = {B23BCF27-C374-4219-BD7A-9E7297F13DCA}
		{27044505-161F-452B-B88E-F57666FCF4B9} = {B23BCF27-C374-4219-BD7A-9E7297F13DCA}
		{9C1234EC-25CA-43DD-B457-C7254A492CF6} = {F5368757-E9CC-48EF-AAA3-51355714C6F3}
		{AF36C531-E93F-4121-974C-E22FE873E2FC} = {9C1234EC-25CA-43DD-B457-C7254A492CF6}
		{C279D54A-B736-4539-BBBD-F32E570BC7A0} = {9C1234EC-25CA-43DD-B457-C7254A492CF6}
		{ABAC4463-4BC1-486B-B36B-63F0F2023829} = {F5368757-E9CC-48EF-AAA3-51355714C6F3}
		{C3EE87FE-CEE6-4367-A5FB-9F9CFD55F365} = {ABAC4463-4BC1-486B-B36B-63F0F2023829}
		{54BAF406-78AD-46FF-90F9-D9B02CD18648} = {ABAC4463-4BC1-486B-B36B-63F0F2023829}
		{1DD8D5A6-6598-4E24-BA8E-90A1E6D3F880} = {1A958B47-DFFE-4EE7-BA90-7B6BEE9E75F0}
		{42E7822B-8642-444F-9D93-7746EC427FCE} = {1DD8D5A6-6598-4E24-BA8E-90A1E6D3F880}
		{14D372B9-69D3-479F-B719-D1DAADDB2096} = {1DD8D5A6-6598-4E24-BA8E-90A1E6D3F880}
		{4D1423AB-9EA3-488C-9D00-92A19452D1EF} = {1A958B47-DFFE-4EE7-BA90-7B6BEE9E75F0}
		{2DE00B5F-ED65-4BDB-B32A-E04574F7CD4B} = {4D1423AB-9EA3-488C-9D00-92A19452D1EF}
		{7068FDEC-FD52-400E-88B0-F1FB25AA82A5} = {4D1423AB-9EA3-488C-9D00-92A19452D1EF}
		{D20C8A29-D635-4CF4-A04A-D8974A73E336} = {1A958B47-DFFE-4EE7-BA90-7B6BEE9E75F0}
		{603BA383-A123-4514-98E2-618C427DAAC6} = {D20C8A29-D635-4CF4-A04A-D8974A73E336}
		{7E828748-507C-4C28-9755-06F4CEC1FC01} = {D20C8A29-D635-4CF4-A04A-D8974A73E336}
		{F5269BA4-5A59-40E1-9D52-EC2457BC2192} = {1A958B47-DFFE-4EE7-BA90-7B6BEE9E75F0}
		{B298EC0D-45FC-4586-A476-32C3D93DA8D6} = {F5269BA4-5A59-40E1-9D52-EC2457BC2192}
		{F51299F5-4ADE-412C-A8DB-A830E3E3FBD7} = {F5269BA4-5A59-40E1-9D52-EC2457BC2192}
	EndGlobalSection
	GlobalSection(ExtensibilityGlobals) = postSolution
		SolutionGuid = {575EE772-130A-4204-A60B-3CAAD475A1AF}
	EndGlobalSection
EndGlobal
