
Microsoft Visual Studio Solution File, Format Version 12.00
# Visual Studio Version 16
VisualStudioVersion = 16.0.30114.105
MinimumVisualStudioVersion = 10.0.40219.1
Project("{9A19103F-16F7-4668-BE54-9A1E7A4F7556}") = "LojaVirtual", "..\Cap2\2.2.001\LojaVirtual\LojaVirtual.csproj", "{A5585EAB-EEDE-4522-9020-D5D4188C5116}"
EndProject
Project("{9A19103F-16F7-4668-BE54-9A1E7A4F7556}") = "LojaVirtual", "..\Cap2\2.3.002\LojaVirtual\LojaVirtual.csproj", "{A7E657A5-7E8E-467E-AD80-83385B616A5B}"
EndProject
Project("{9A19103F-16F7-4668-BE54-9A1E7A4F7556}") = "LojaVirtual", "..\Cap2\2.3.003\LojaVirtual\LojaVirtual.csproj", "{AA2800F1-E3D2-4304-977C-EE675D09CF5F}"
EndProject
Project("{9A19103F-16F7-4668-BE54-9A1E7A4F7556}") = "LojaVirtual.Tests", "..\Cap2\2.3.003\LojaVirtual.Tests\LojaVirtual.Tests.csproj", "{BF987199-5116-4743-9518-A2BAE9B8D3E3}"
EndProject
Project("{9A19103F-16F7-4668-BE54-9A1E7A4F7556}") = "LojaVirtual", "..\Cap2\2.3.004\LojaVirtual\LojaVirtual.csproj", "{50291567-F4A8-47FB-A97A-E6FA0DB5CDDD}"
EndProject
Project("{9A19103F-16F7-4668-BE54-9A1E7A4F7556}") = "LojaVirtual.Tests", "..\Cap2\2.3.004\LojaVirtual.Tests\LojaVirtual.Tests.csproj", "{08F14ACE-ABEA-47C8-B015-14ACD1581226}"
EndProject
Project("{9A19103F-16F7-4668-BE54-9A1E7A4F7556}") = "LojaVirtual", "..\Cap2\2.4.005\LojaVirtual\LojaVirtual.csproj", "{A89671CA-170C-4187-B552-EF8A2F27BBF4}"
EndProject
Project("{9A19103F-16F7-4668-BE54-9A1E7A4F7556}") = "LojaVirtual.Tests", "..\Cap2\2.4.005\LojaVirtual.Tests\LojaVirtual.Tests.csproj", "{3AC60A19-A685-482D-8929-830DC1F894C6}"
EndProject
Project("{9A19103F-16F7-4668-BE54-9A1E7A4F7556}") = "LojaVirtual", "..\Cap2\2.4.006\LojaVirtual\LojaVirtual.csproj", "{6024259F-BE3F-4DD4-837B-75035F1C3E0B}"
EndProject
Project("{9A19103F-16F7-4668-BE54-9A1E7A4F7556}") = "LojaVirtual.Tests", "..\Cap2\2.4.006\LojaVirtual.Tests\LojaVirtual.Tests.csproj", "{D7AB200A-8375-4C81-97AF-2732903853CB}"
EndProject
Project("{2150E333-8FDC-42A3-9474-1A3956D46DE8}") = "Cap2", "Cap2", "{5CFD459B-6597-4995-875F-7A69D6A080C8}"
EndProject
Project("{2150E333-8FDC-42A3-9474-1A3956D46DE8}") = "2.4.006", "2.4.006", "{E5C293CB-54E1-4021-8D0F-D49E74CC2C63}"
EndProject
Project("{2150E333-8FDC-42A3-9474-1A3956D46DE8}") = "2.2.001", "2.2.001", "{4612DD8C-94B5-4071-9EA8-E5CF32CA3F2E}"
EndProject
Project("{2150E333-8FDC-42A3-9474-1A3956D46DE8}") = "2.3.002", "2.3.002", "{64982AE3-2E20-41CB-A4C3-860319DE7AF2}"
EndProject
Project("{2150E333-8FDC-42A3-9474-1A3956D46DE8}") = "2.3.003", "2.3.003", "{8BC1D906-C24A-44AB-A459-1AC87F1958FF}"
EndProject
Project("{2150E333-8FDC-42A3-9474-1A3956D46DE8}") = "2.3.004", "2.3.004", "{6F9DC3B6-8B14-4B08-B2CA-E9F2D4683834}"
EndProject
Project("{2150E333-8FDC-42A3-9474-1A3956D46DE8}") = "2.4.005", "2.4.005", "{0825E145-1B10-4B70-A440-A84232C3FA6A}"
EndProject
Global
	GlobalSection(SolutionConfigurationPlatforms) = preSolution
		Debug|Any CPU = Debug|Any CPU
		Release|Any CPU = Release|Any CPU
	EndGlobalSection
	GlobalSection(ProjectConfigurationPlatforms) = postSolution
		{A5585EAB-EEDE-4522-9020-D5D4188C5116}.Debug|Any CPU.ActiveCfg = Debug|Any CPU
		{A5585EAB-EEDE-4522-9020-D5D4188C5116}.Debug|Any CPU.Build.0 = Debug|Any CPU
		{A5585EAB-EEDE-4522-9020-D5D4188C5116}.Release|Any CPU.ActiveCfg = Release|Any CPU
		{A5585EAB-EEDE-4522-9020-D5D4188C5116}.Release|Any CPU.Build.0 = Release|Any CPU
		{A7E657A5-7E8E-467E-AD80-83385B616A5B}.Debug|Any CPU.ActiveCfg = Debug|Any CPU
		{A7E657A5-7E8E-467E-AD80-83385B616A5B}.Debug|Any CPU.Build.0 = Debug|Any CPU
		{A7E657A5-7E8E-467E-AD80-83385B616A5B}.Release|Any CPU.ActiveCfg = Release|Any CPU
		{A7E657A5-7E8E-467E-AD80-83385B616A5B}.Release|Any CPU.Build.0 = Release|Any CPU
		{AA2800F1-E3D2-4304-977C-EE675D09CF5F}.Debug|Any CPU.ActiveCfg = Debug|Any CPU
		{AA2800F1-E3D2-4304-977C-EE675D09CF5F}.Debug|Any CPU.Build.0 = Debug|Any CPU
		{AA2800F1-E3D2-4304-977C-EE675D09CF5F}.Release|Any CPU.ActiveCfg = Release|Any CPU
		{AA2800F1-E3D2-4304-977C-EE675D09CF5F}.Release|Any CPU.Build.0 = Release|Any CPU
		{BF987199-5116-4743-9518-A2BAE9B8D3E3}.Debug|Any CPU.ActiveCfg = Debug|Any CPU
		{BF987199-5116-4743-9518-A2BAE9B8D3E3}.Debug|Any CPU.Build.0 = Debug|Any CPU
		{BF987199-5116-4743-9518-A2BAE9B8D3E3}.Release|Any CPU.ActiveCfg = Release|Any CPU
		{BF987199-5116-4743-9518-A2BAE9B8D3E3}.Release|Any CPU.Build.0 = Release|Any CPU
		{50291567-F4A8-47FB-A97A-E6FA0DB5CDDD}.Debug|Any CPU.ActiveCfg = Debug|Any CPU
		{50291567-F4A8-47FB-A97A-E6FA0DB5CDDD}.Debug|Any CPU.Build.0 = Debug|Any CPU
		{50291567-F4A8-47FB-A97A-E6FA0DB5CDDD}.Release|Any CPU.ActiveCfg = Release|Any CPU
		{50291567-F4A8-47FB-A97A-E6FA0DB5CDDD}.Release|Any CPU.Build.0 = Release|Any CPU
		{08F14ACE-ABEA-47C8-B015-14ACD1581226}.Debug|Any CPU.ActiveCfg = Debug|Any CPU
		{08F14ACE-ABEA-47C8-B015-14ACD1581226}.Debug|Any CPU.Build.0 = Debug|Any CPU
		{08F14ACE-ABEA-47C8-B015-14ACD1581226}.Release|Any CPU.ActiveCfg = Release|Any CPU
		{08F14ACE-ABEA-47C8-B015-14ACD1581226}.Release|Any CPU.Build.0 = Release|Any CPU
		{A89671CA-170C-4187-B552-EF8A2F27BBF4}.Debug|Any CPU.ActiveCfg = Debug|Any CPU
		{A89671CA-170C-4187-B552-EF8A2F27BBF4}.Debug|Any CPU.Build.0 = Debug|Any CPU
		{A89671CA-170C-4187-B552-EF8A2F27BBF4}.Release|Any CPU.ActiveCfg = Release|Any CPU
		{A89671CA-170C-4187-B552-EF8A2F27BBF4}.Release|Any CPU.Build.0 = Release|Any CPU
		{3AC60A19-A685-482D-8929-830DC1F894C6}.Debug|Any CPU.ActiveCfg = Debug|Any CPU
		{3AC60A19-A685-482D-8929-830DC1F894C6}.Debug|Any CPU.Build.0 = Debug|Any CPU
		{3AC60A19-A685-482D-8929-830DC1F894C6}.Release|Any CPU.ActiveCfg = Release|Any CPU
		{3AC60A19-A685-482D-8929-830DC1F894C6}.Release|Any CPU.Build.0 = Release|Any CPU
		{6024259F-BE3F-4DD4-837B-75035F1C3E0B}.Debug|Any CPU.ActiveCfg = Debug|Any CPU
		{6024259F-BE3F-4DD4-837B-75035F1C3E0B}.Debug|Any CPU.Build.0 = Debug|Any CPU
		{6024259F-BE3F-4DD4-837B-75035F1C3E0B}.Release|Any CPU.ActiveCfg = Release|Any CPU
		{6024259F-BE3F-4DD4-837B-75035F1C3E0B}.Release|Any CPU.Build.0 = Release|Any CPU
		{D7AB200A-8375-4C81-97AF-2732903853CB}.Debug|Any CPU.ActiveCfg = Debug|Any CPU
		{D7AB200A-8375-4C81-97AF-2732903853CB}.Debug|Any CPU.Build.0 = Debug|Any CPU
		{D7AB200A-8375-4C81-97AF-2732903853CB}.Release|Any CPU.ActiveCfg = Release|Any CPU
		{D7AB200A-8375-4C81-97AF-2732903853CB}.Release|Any CPU.Build.0 = Release|Any CPU
	EndGlobalSection
	GlobalSection(SolutionProperties) = preSolution
		HideSolutionNode = FALSE
	EndGlobalSection
	GlobalSection(NestedProjects) = preSolution
		{A5585EAB-EEDE-4522-9020-D5D4188C5116} = {4612DD8C-94B5-4071-9EA8-E5CF32CA3F2E}
		{A7E657A5-7E8E-467E-AD80-83385B616A5B} = {64982AE3-2E20-41CB-A4C3-860319DE7AF2}
		{AA2800F1-E3D2-4304-977C-EE675D09CF5F} = {8BC1D906-C24A-44AB-A459-1AC87F1958FF}
		{BF987199-5116-4743-9518-A2BAE9B8D3E3} = {8BC1D906-C24A-44AB-A459-1AC87F1958FF}
		{50291567-F4A8-47FB-A97A-E6FA0DB5CDDD} = {6F9DC3B6-8B14-4B08-B2CA-E9F2D4683834}
		{08F14ACE-ABEA-47C8-B015-14ACD1581226} = {6F9DC3B6-8B14-4B08-B2CA-E9F2D4683834}
		{A89671CA-170C-4187-B552-EF8A2F27BBF4} = {0825E145-1B10-4B70-A440-A84232C3FA6A}
		{3AC60A19-A685-482D-8929-830DC1F894C6} = {0825E145-1B10-4B70-A440-A84232C3FA6A}
		{6024259F-BE3F-4DD4-837B-75035F1C3E0B} = {E5C293CB-54E1-4021-8D0F-D49E74CC2C63}
		{D7AB200A-8375-4C81-97AF-2732903853CB} = {E5C293CB-54E1-4021-8D0F-D49E74CC2C63}
		{E5C293CB-54E1-4021-8D0F-D49E74CC2C63} = {5CFD459B-6597-4995-875F-7A69D6A080C8}
		{4612DD8C-94B5-4071-9EA8-E5CF32CA3F2E} = {5CFD459B-6597-4995-875F-7A69D6A080C8}
		{64982AE3-2E20-41CB-A4C3-860319DE7AF2} = {5CFD459B-6597-4995-875F-7A69D6A080C8}
		{8BC1D906-C24A-44AB-A459-1AC87F1958FF} = {5CFD459B-6597-4995-875F-7A69D6A080C8}
		{6F9DC3B6-8B14-4B08-B2CA-E9F2D4683834} = {5CFD459B-6597-4995-875F-7A69D6A080C8}
		{0825E145-1B10-4B70-A440-A84232C3FA6A} = {5CFD459B-6597-4995-875F-7A69D6A080C8}
	EndGlobalSection
	GlobalSection(ExtensibilityGlobals) = postSolution
		SolutionGuid = {575EE772-130A-4204-A60B-3CAAD475A1AF}
	EndGlobalSection
EndGlobal
